// !$*UTF8*$!
{
	archiveVersion = 1;
	classes = {
	};
	objectVersion = 46;
	objects = {

/* Begin PBXBuildFile section */
		68683E8F1A1DBE27007C11EA /* AppDelegate.swift in Sources */ = {isa = PBXBuildFile; fileRef = 68683E8E1A1DBE27007C11EA /* AppDelegate.swift */; };
		68683E911A1DBE27007C11EA /* ViewController.swift in Sources */ = {isa = PBXBuildFile; fileRef = 68683E901A1DBE27007C11EA /* ViewController.swift */; };
		68683E941A1DBE27007C11EA /* Main.storyboard in Resources */ = {isa = PBXBuildFile; fileRef = 68683E921A1DBE27007C11EA /* Main.storyboard */; };
		68683E961A1DBE27007C11EA /* Images.xcassets in Resources */ = {isa = PBXBuildFile; fileRef = 68683E951A1DBE27007C11EA /* Images.xcassets */; };
		68683E991A1DBE27007C11EA /* LaunchScreen.xib in Resources */ = {isa = PBXBuildFile; fileRef = 68683E971A1DBE27007C11EA /* LaunchScreen.xib */; };
		68683EA51A1DBE27007C11EA /* MusicPlayerTests.swift in Sources */ = {isa = PBXBuildFile; fileRef = 68683EA41A1DBE27007C11EA /* MusicPlayerTests.swift */; };
/* End PBXBuildFile section */

/* Begin PBXContainerItemProxy section */
		68683E9F1A1DBE27007C11EA /* PBXContainerItemProxy */ = {
			isa = PBXContainerItemProxy;
			containerPortal = 68683E811A1DBE27007C11EA /* Project object */;
			proxyType = 1;
			remoteGlobalIDString = 68683E881A1DBE27007C11EA;
			remoteInfo = MusicPlayer;
		};
/* End PBXContainerItemProxy section */

/* Begin PBXFileReference section */
		68683E891A1DBE27007C11EA /* MusicPlayer.app */ = {isa = PBXFileReference; explicitFileType = wrapper.application; includeInIndex = 0; path = MusicPlayer.app; sourceTree = BUILT_PRODUCTS_DIR; };
		68683E8D1A1DBE27007C11EA /* Info.plist */ = {isa = PBXFileReference; lastKnownFileType = text.plist.xml; path = Info.plist; sourceTree = "<group>"; };
		68683E8E1A1DBE27007C11EA /* AppDelegate.swift */ = {isa = PBXFileReference; lastKnownFileType = sourcecode.swift; path = AppDelegate.swift; sourceTree = "<group>"; };
		68683E901A1DBE27007C11EA /* ViewController.swift */ = {isa = PBXFileReference; lastKnownFileType = sourcecode.swift; path = ViewController.swift; sourceTree = "<group>"; };
		68683E931A1DBE27007C11EA /* Base */ = {isa = PBXFileReference; lastKnownFileType = file.storyboard; name = Base; path = Base.lproj/Main.storyboard; sourceTree = "<group>"; };
		68683E951A1DBE27007C11EA /* Images.xcassets */ = {isa = PBXFileReference; lastKnownFileType = folder.assetcatalog; path = Images.xcassets; sourceTree = "<group>"; };
		68683E981A1DBE27007C11EA /* Base */ = {isa = PBXFileReference; lastKnownFileType = file.xib; name = Base; path = Base.lproj/LaunchScreen.xib; sourceTree = "<group>"; };
		68683E9E1A1DBE27007C11EA /* MusicPlayerTests.xctest */ = {isa = PBXFileReference; explicitFileType = wrapper.cfbundle; includeInIndex = 0; path = MusicPlayerTests.xctest; sourceTree = BUILT_PRODUCTS_DIR; };
		68683EA31A1DBE27007C11EA /* Info.plist */ = {isa = PBXFileReference; lastKnownFileType = text.plist.xml; path = Info.plist; sourceTree = "<group>"; };
		68683EA41A1DBE27007C11EA /* MusicPlayerTests.swift */ = {isa = PBXFileReference; lastKnownFileType = sourcecode.swift; path = MusicPlayerTests.swift; sourceTree = "<group>"; };
/* End PBXFileReference section */

/* Begin PBXFrameworksBuildPhase section */
		68683E861A1DBE27007C11EA /* Frameworks */ = {
			isa = PBXFrameworksBuildPhase;
			buildActionMask = 2147483647;
			files = (
			);
			runOnlyForDeploymentPostprocessing = 0;
		};
		68683E9B1A1DBE27007C11EA /* Frameworks */ = {
			isa = PBXFrameworksBuildPhase;
			buildActionMask = 2147483647;
			files = (
			);
			runOnlyForDeploymentPostprocessing = 0;
		};
/* End PBXFrameworksBuildPhase section */

/* Begin PBXGroup section */
		68683E801A1DBE27007C11EA = {
			isa = PBXGroup;
			children = (
				68683E8B1A1DBE27007C11EA /* MusicPlayer */,
				68683EA11A1DBE27007C11EA /* MusicPlayerTests */,
				68683E8A1A1DBE27007C11EA /* Products */,
			);
			sourceTree = "<group>";
		};
		68683E8A1A1DBE27007C11EA /* Products */ = {
			isa = PBXGroup;
			children = (
				68683E891A1DBE27007C11EA /* MusicPlayer.app */,
				68683E9E1A1DBE27007C11EA /* MusicPlayerTests.xctest */,
			);
			name = Products;
			sourceTree = "<group>";
		};
		68683E8B1A1DBE27007C11EA /* MusicPlayer */ = {
			isa = PBXGroup;
			children = (
				68683E8E1A1DBE27007C11EA /* AppDelegate.swift */,
				68683E901A1DBE27007C11EA /* ViewController.swift */,
				68683E921A1DBE27007C11EA /* Main.storyboard */,
				68683E951A1DBE27007C11EA /* Images.xcassets */,
				68683E971A1DBE27007C11EA /* LaunchScreen.xib */,
				68683E8C1A1DBE27007C11EA /* Supporting Files */,
			);
			path = MusicPlayer;
			sourceTree = "<group>";
		};
		68683E8C1A1DBE27007C11EA /* Supporting Files */ = {
			isa = PBXGroup;
			children = (
				68683E8D1A1DBE27007C11EA /* Info.plist */,
			);
			name = "Supporting Files";
			sourceTree = "<group>";
		};
		68683EA11A1DBE27007C11EA /* MusicPlayerTests */ = {
			isa = PBXGroup;
			children = (
				68683EA41A1DBE27007C11EA /* MusicPlayerTests.swift */,
				68683EA21A1DBE27007C11EA /* Supporting Files */,
			);
			path = MusicPlayerTests;
			sourceTree = "<group>";
		};
		68683EA21A1DBE27007C11EA /* Supporting Files */ = {
			isa = PBXGroup;
			children = (
				68683EA31A1DBE27007C11EA /* Info.plist */,
			);
			name = "Supporting Files";
			sourceTree = "<group>";
		};
/* End PBXGroup section */

/* Begin PBXNativeTarget section */
		68683E881A1DBE27007C11EA /* MusicPlayer */ = {
			isa = PBXNativeTarget;
			buildConfigurationList = 68683EA81A1DBE27007C11EA /* Build configuration list for PBXNativeTarget "MusicPlayer" */;
			buildPhases = (
				68683E851A1DBE27007C11EA /* Sources */,
				68683E861A1DBE27007C11EA /* Frameworks */,
				68683E871A1DBE27007C11EA /* Resources */,
			);
			buildRules = (
			);
			dependencies = (
			);
			name = MusicPlayer;
			productName = MusicPlayer;
			productReference = 68683E891A1DBE27007C11EA /* MusicPlayer.app */;
			productType = "com.apple.product-type.application";
		};
		68683E9D1A1DBE27007C11EA /* MusicPlayerTests */ = {
			isa = PBXNativeTarget;
			buildConfigurationList = 68683EAB1A1DBE27007C11EA /* Build configuration list for PBXNativeTarget "MusicPlayerTests" */;
			buildPhases = (
				68683E9A1A1DBE27007C11EA /* Sources */,
				68683E9B1A1DBE27007C11EA /* Frameworks */,
				68683E9C1A1DBE27007C11EA /* Resources */,
			);
			buildRules = (
			);
			dependencies = (
				68683EA01A1DBE27007C11EA /* PBXTargetDependency */,
			);
			name = MusicPlayerTests;
			productName = MusicPlayerTests;
			productReference = 68683E9E1A1DBE27007C11EA /* MusicPlayerTests.xctest */;
			productType = "com.apple.product-type.bundle.unit-test";
		};
/* End PBXNativeTarget section */

/* Begin PBXProject section */
		68683E811A1DBE27007C11EA /* Project object */ = {
			isa = PBXProject;
			attributes = {
				LastUpgradeCheck = 0610;
				ORGANIZATIONNAME = "Secret Lab";
				TargetAttributes = {
					68683E881A1DBE27007C11EA = {
						CreatedOnToolsVersion = 6.1;
						DevelopmentTeam = 5V2A4389PA;
					};
					68683E9D1A1DBE27007C11EA = {
						CreatedOnToolsVersion = 6.1;
						TestTargetID = 68683E881A1DBE27007C11EA;
					};
				};
			};
			buildConfigurationList = 68683E841A1DBE27007C11EA /* Build configuration list for PBXProject "MusicPlayer" */;
			compatibilityVersion = "Xcode 3.2";
			developmentRegion = English;
			hasScannedForEncodings = 0;
			knownRegions = (
				en,
				Base,
			);
			mainGroup = 68683E801A1DBE27007C11EA;
			productRefGroup = 68683E8A1A1DBE27007C11EA /* Products */;
			projectDirPath = "";
			projectRoot = "";
			targets = (
				68683E881A1DBE27007C11EA /* MusicPlayer */,
				68683E9D1A1DBE27007C11EA /* MusicPlayerTests */,
			);
		};
/* End PBXProject section */

/* Begin PBXResourcesBuildPhase section */
		68683E871A1DBE27007C11EA /* Resources */ = {
			isa = PBXResourcesBuildPhase;
			buildActionMask = 2147483647;
			files = (
				68683E941A1DBE27007C11EA /* Main.storyboard in Resources */,
				68683E991A1DBE27007C11EA /* LaunchScreen.xib in Resources */,
				68683E961A1DBE27007C11EA /* Images.xcassets in Resources */,
			);
			runOnlyForDeploymentPostprocessing = 0;
		};
		68683E9C1A1DBE27007C11EA /* Resources */ = {
			isa = PBXResourcesBuildPhase;
			buildActionMask = 2147483647;
			files = (
			);
			runOnlyForDeploymentPostprocessing = 0;
		};
/* End PBXResourcesBuildPhase section */

/* Begin PBXSourcesBuildPhase section */
		68683E851A1DBE27007C11EA /* Sources */ = {
			isa = PBXSourcesBuildPhase;
			buildActionMask = 2147483647;
			files = (
				68683E911A1DBE27007C11EA /* ViewController.swift in Sources */,
				68683E8F1A1DBE27007C11EA /* AppDelegate.swift in Sources */,
			);
			runOnlyForDeploymentPostprocessing = 0;
		};
		68683E9A1A1DBE27007C11EA /* Sources */ = {
			isa = PBXSourcesBuildPhase;
			buildActionMask = 2147483647;
			files = (
				68683EA51A1DBE27007C11EA /* MusicPlayerTests.swift in Sources */,
			);
			runOnlyForDeploymentPostprocessing = 0;
		};
/* End PBXSourcesBuildPhase section */

/* Begin PBXTargetDependency section */
		68683EA01A1DBE27007C11EA /* PBXTargetDependency */ = {
			isa = PBXTargetDependency;
			target = 68683E881A1DBE27007C11EA /* MusicPlayer */;
			targetProxy = 68683E9F1A1DBE27007C11EA /* PBXContainerItemProxy */;
		};
/* End PBXTargetDependency section */

/* Begin PBXVariantGroup section */
		68683E921A1DBE27007C11EA /* Main.storyboard */ = {
			isa = PBXVariantGroup;
			children = (
				68683E931A1DBE27007C11EA /* Base */,
			);
			name = Main.storyboard;
			sourceTree = "<group>";
		};
		68683E971A1DBE27007C11EA /* LaunchScreen.xib */ = {
			isa = PBXVariantGroup;
			children = (
				68683E981A1DBE27007C11EA /* Base */,
			);
			name = LaunchScreen.xib;
			sourceTree = "<group>";
		};
/* End PBXVariantGroup section */

/* Begin XCBuildConfiguration section */
		68683EA61A1DBE27007C11EA /* Debug */ = {
			isa = XCBuildConfiguration;
			buildSettings = {
				ALWAYS_SEARCH_USER_PATHS = NO;
				CLANG_CXX_LANGUAGE_STANDARD = "gnu++0x";
				CLANG_CXX_LIBRARY = "libc++";
				CLANG_ENABLE_MODULES = YES;
				CLANG_ENABLE_OBJC_ARC = YES;
				CLANG_WARN_BOOL_CONVERSION = YES;
				CLANG_WARN_CONSTANT_CONVERSION = YES;
				CLANG_WARN_DIRECT_OBJC_ISA_USAGE = YES_ERROR;
				CLANG_WARN_EMPTY_BODY = YES;
				CLANG_WARN_ENUM_CONVERSION = YES;
				CLANG_WARN_INT_CONVERSION = YES;
				CLANG_WARN_OBJC_ROOT_CLASS = YES_ERROR;
				CLANG_WARN_UNREACHABLE_CODE = YES;
				CLANG_WARN__DUPLICATE_METHOD_MATCH = YES;
				"CODE_SIGN_IDENTITY[sdk=iphoneos*]" = "iPhone Developer";
				COPY_PHASE_STRIP = NO;
				ENABLE_STRICT_OBJC_MSGSEND = YES;
				GCC_C_LANGUAGE_STANDARD = gnu99;
				GCC_DYNAMIC_NO_PIC = NO;
				GCC_OPTIMIZATION_LEVEL = 0;
				GCC_PREPROCESSOR_DEFINITIONS = (
					"DEBUG=1",
					"$(inherited)",
				);
				GCC_SYMBOLS_PRIVATE_EXTERN = NO;
				GCC_WARN_64_TO_32_BIT_CONVERSION = YES;
				GCC_WARN_ABOUT_RETURN_TYPE = YES_ERROR;
				GCC_WARN_UNDECLARED_SELECTOR = YES;
				GCC_WARN_UNINITIALIZED_AUTOS = YES_AGGRESSIVE;
				GCC_WARN_UNUSED_FUNCTION = YES;
				GCC_WARN_UNUSED_VARIABLE = YES;
				IPHONEOS_DEPLOYMENT_TARGET = 8.1;
				MTL_ENABLE_DEBUG_INFO = YES;
				ONLY_ACTIVE_ARCH = YES;
				SDKROOT = iphoneos;
				SWIFT_OPTIMIZATION_LEVEL = "-Onone";
			};
			name = Debug;
		};
		68683EA71A1DBE27007C11EA /* Release */ = {
			isa = XCBuildConfiguration;
			buildSettings = {
				ALWAYS_SEARCH_USER_PATHS = NO;
				CLANG_CXX_LANGUAGE_STANDARD = "gnu++0x";
				CLANG_CXX_LIBRARY = "libc++";
				CLANG_ENABLE_MODULES = YES;
				CLANG_ENABLE_OBJC_ARC = YES;
				CLANG_WARN_BOOL_CONVERSION = YES;
				CLANG_WARN_CONSTANT_CONVERSION = YES;
				CLANG_WARN_DIRECT_OBJC_ISA_USAGE = YES_ERROR;
				CLANG_WARN_EMPTY_BODY = YES;
				CLANG_WARN_ENUM_CONVERSION = YES;
				CLANG_WARN_INT_CONVERSION = YES;
				CLANG_WARN_OBJC_ROOT_CLASS = YES_ERROR;
				CLANG_WARN_UNREACHABLE_CODE = YES;
				CLANG_WARN__DUPLICATE_METHOD_MATCH = YES;
				"CODE_SIGN_IDENTITY[sdk=iphoneos*]" = "iPhone Developer";
				COPY_PHASE_STRIP = YES;
				ENABLE_NS_ASSERTIONS = NO;
				ENABLE_STRICT_OBJC_MSGSEND = YES;
				GCC_C_LANGUAGE_STANDARD = gnu99;
				GCC_WARN_64_TO_32_BIT_CONVERSION = YES;
				GCC_WARN_ABOUT_RETURN_TYPE = YES_ERROR;
				GCC_WARN_UNDECLARED_SELECTOR = YES;
				GCC_WARN_UNINITIALIZED_AUTOS = YES_AGGRESSIVE;
				GCC_WARN_UNUSED_FUNCTION = YES;
				GCC_WARN_UNUSED_VARIABLE = YES;
				IPHONEOS_DEPLOYMENT_TARGET = 8.1;
				MTL_ENABLE_DEBUG_INFO = NO;
				SDKROOT = iphoneos;
				VALIDATE_PRODUCT = YES;
			};
			name = Release;
		};
		68683EA91A1DBE27007C11EA /* Debug */ = {
			isa = XCBuildConfiguration;
			buildSettings = {
				ASSETCATALOG_COMPILER_APPICON_NAME = AppIcon;
				CODE_SIGN_IDENTITY = "iPhone Developer";
				"CODE_SIGN_IDENTITY[sdk=iphoneos*]" = "iPhone Developer";
				INFOPLIST_FILE = MusicPlayer/Info.plist;
				LD_RUNPATH_SEARCH_PATHS = "$(inherited) @executable_path/Frameworks";
				PRODUCT_NAME = "$(TARGET_NAME)";
				PROVISIONING_PROFILE = "";
			};
			name = Debug;
		};
		68683EAA1A1DBE27007C11EA /* Release */ = {
			isa = XCBuildConfiguration;
			buildSettings = {
				ASSETCATALOG_COMPILER_APPICON_NAME = AppIcon;
				CODE_SIGN_IDENTITY = "iPhone Developer";
				"CODE_SIGN_IDENTITY[sdk=iphoneos*]" = "iPhone Developer";
				INFOPLIST_FILE = MusicPlayer/Info.plist;
				LD_RUNPATH_SEARCH_PATHS = "$(inherited) @executable_path/Frameworks";
				PRODUCT_NAME = "$(TARGET_NAME)";
				PROVISIONING_PROFILE = "";
			};
			name = Release;
		};
		68683EAC1A1DBE27007C11EA /* Debug */ = {
			isa = XCBuildConfiguration;
			buildSettings = {
				BUNDLE_LOADER = "$(TEST_HOST)";
				FRAMEWORK_SEARCH_PATHS = (
					"$(SDKROOT)/Developer/Library/Frameworks",
					"$(inherited)",
				);
				GCC_PREPROCESSOR_DEFINITIONS = (
					"DEBUG=1",
					"$(inherited)",
				);
				INFOPLIST_FILE = MusicPlayerTests/Info.plist;
				LD_RUNPATH_SEARCH_PATHS = "$(inherited) @executable_path/Frameworks @loader_path/Frameworks";
				PRODUCT_NAME = "$(TARGET_NAME)";
				TEST_HOST = "$(BUILT_PRODUCTS_DIR)/MusicPlayer.app/MusicPlayer";
			};
			name = Debug;
		};
		68683EAD1A1DBE27007C11EA /* Release */ = {
			isa = XCBuildConfiguration;
			buildSettings = {
				BUNDLE_LOADER = "$(TEST_HOST)";
				FRAMEWORK_SEARCH_PATHS = (
					"$(SDKROOT)/Developer/Library/Frameworks",
					"$(inherited)",
				);
				INFOPLIST_FILE = MusicPlayerTests/Info.plist;
				LD_RUNPATH_SEARCH_PATHS = "$(inherited) @executable_path/Frameworks @loader_path/Frameworks";
				PRODUCT_NAME = "$(TARGET_NAME)";
				TEST_HOST = "$(BUILT_PRODUCTS_DIR)/MusicPlayer.app/MusicPlayer";
			};
			name = Release;
		};
/* End XCBuildConfiguration section */

/* Begin XCConfigurationList section */
		68683E841A1DBE27007C11EA /* Build configuration list for PBXProject "MusicPlayer" */ = {
			isa = XCConfigurationList;
			buildConfigurations = (
				68683EA61A1DBE27007C11EA /* Debug */,
				68683EA71A1DBE27007C11EA /* Release */,
			);
			defaultConfigurationIsVisible = 0;
			defaultConfigurationName = Release;
		};
		68683EA81A1DBE27007C11EA /* Build configuration list for PBXNativeTarget "MusicPlayer" */ = {
			isa = XCConfigurationList;
			buildConfigurations = (
				68683EA91A1DBE27007C11EA /* Debug */,
				68683EAA1A1DBE27007C11EA /* Release */,
			);
			defaultConfigurationIsVisible = 0;
			defaultConfigurationName = Release;
		};
		68683EAB1A1DBE27007C11EA /* Build configuration list for PBXNativeTarget "MusicPlayerTests" */ = {
			isa = XCConfigurationList;
			buildConfigurations = (
				68683EAC1A1DBE27007C11EA /* Debug */,
				68683EAD1A1DBE27007C11EA /* Release */,
			);
			defaultConfigurationIsVisible = 0;
			defaultConfigurationName = Release;
		};
/* End XCConfigurationList section */
	};
	rootObject = 68683E811A1DBE27007C11EA /* Project object */;
}
