// !$*UTF8*$!
{
	archiveVersion = 1;
	classes = {
	};
	objectVersion = 46;
	objects = {

/* Begin PBXBuildFile section */
		68AE12341A1D914900538133 /* AppDelegate.swift in Sources */ = {isa = PBXBuildFile; fileRef = 68AE12331A1D914900538133 /* AppDelegate.swift */; };
		68AE12361A1D914900538133 /* Images.xcassets in Resources */ = {isa = PBXBuildFile; fileRef = 68AE12351A1D914900538133 /* Images.xcassets */; };
		68AE12391A1D914900538133 /* MainMenu.xib in Resources */ = {isa = PBXBuildFile; fileRef = 68AE12371A1D914900538133 /* MainMenu.xib */; };
		68AE12451A1D914900538133 /* Notifications_OSXTests.swift in Sources */ = {isa = PBXBuildFile; fileRef = 68AE12441A1D914900538133 /* Notifications_OSXTests.swift */; };
/* End PBXBuildFile section */

/* Begin PBXContainerItemProxy section */
		68AE123F1A1D914900538133 /* PBXContainerItemProxy */ = {
			isa = PBXContainerItemProxy;
			containerPortal = 68AE12261A1D914900538133 /* Project object */;
			proxyType = 1;
			remoteGlobalIDString = 68AE122D1A1D914900538133;
			remoteInfo = "Notifications-OSX";
		};
/* End PBXContainerItemProxy section */

/* Begin PBXFileReference section */
		68AE122E1A1D914900538133 /* Notifications-OSX.app */ = {isa = PBXFileReference; explicitFileType = wrapper.application; includeInIndex = 0; path = "Notifications-OSX.app"; sourceTree = BUILT_PRODUCTS_DIR; };
		68AE12321A1D914900538133 /* Info.plist */ = {isa = PBXFileReference; lastKnownFileType = text.plist.xml; path = Info.plist; sourceTree = "<group>"; };
		68AE12331A1D914900538133 /* AppDelegate.swift */ = {isa = PBXFileReference; lastKnownFileType = sourcecode.swift; path = AppDelegate.swift; sourceTree = "<group>"; };
		68AE12351A1D914900538133 /* Images.xcassets */ = {isa = PBXFileReference; lastKnownFileType = folder.assetcatalog; path = Images.xcassets; sourceTree = "<group>"; };
		68AE12381A1D914900538133 /* Base */ = {isa = PBXFileReference; lastKnownFileType = file.xib; name = Base; path = Base.lproj/MainMenu.xib; sourceTree = "<group>"; };
		68AE123E1A1D914900538133 /* Notifications-OSXTests.xctest */ = {isa = PBXFileReference; explicitFileType = wrapper.cfbundle; includeInIndex = 0; path = "Notifications-OSXTests.xctest"; sourceTree = BUILT_PRODUCTS_DIR; };
		68AE12431A1D914900538133 /* Info.plist */ = {isa = PBXFileReference; lastKnownFileType = text.plist.xml; path = Info.plist; sourceTree = "<group>"; };
		68AE12441A1D914900538133 /* Notifications_OSXTests.swift */ = {isa = PBXFileReference; lastKnownFileType = sourcecode.swift; path = Notifications_OSXTests.swift; sourceTree = "<group>"; };
/* End PBXFileReference section */

/* Begin PBXFrameworksBuildPhase section */
		68AE122B1A1D914900538133 /* Frameworks */ = {
			isa = PBXFrameworksBuildPhase;
			buildActionMask = 2147483647;
			files = (
			);
			runOnlyForDeploymentPostprocessing = 0;
		};
		68AE123B1A1D914900538133 /* Frameworks */ = {
			isa = PBXFrameworksBuildPhase;
			buildActionMask = 2147483647;
			files = (
			);
			runOnlyForDeploymentPostprocessing = 0;
		};
/* End PBXFrameworksBuildPhase section */

/* Begin PBXGroup section */
		68AE12251A1D914900538133 = {
			isa = PBXGroup;
			children = (
				68AE12301A1D914900538133 /* Notifications-OSX */,
				68AE12411A1D914900538133 /* Notifications-OSXTests */,
				68AE122F1A1D914900538133 /* Products */,
			);
			sourceTree = "<group>";
		};
		68AE122F1A1D914900538133 /* Products */ = {
			isa = PBXGroup;
			children = (
				68AE122E1A1D914900538133 /* Notifications-OSX.app */,
				68AE123E1A1D914900538133 /* Notifications-OSXTests.xctest */,
			);
			name = Products;
			sourceTree = "<group>";
		};
		68AE12301A1D914900538133 /* Notifications-OSX */ = {
			isa = PBXGroup;
			children = (
				68AE12331A1D914900538133 /* AppDelegate.swift */,
				68AE12351A1D914900538133 /* Images.xcassets */,
				68AE12371A1D914900538133 /* MainMenu.xib */,
				68AE12311A1D914900538133 /* Supporting Files */,
			);
			path = "Notifications-OSX";
			sourceTree = "<group>";
		};
		68AE12311A1D914900538133 /* Supporting Files */ = {
			isa = PBXGroup;
			children = (
				68AE12321A1D914900538133 /* Info.plist */,
			);
			name = "Supporting Files";
			sourceTree = "<group>";
		};
		68AE12411A1D914900538133 /* Notifications-OSXTests */ = {
			isa = PBXGroup;
			children = (
				68AE12441A1D914900538133 /* Notifications_OSXTests.swift */,
				68AE12421A1D914900538133 /* Supporting Files */,
			);
			path = "Notifications-OSXTests";
			sourceTree = "<group>";
		};
		68AE12421A1D914900538133 /* Supporting Files */ = {
			isa = PBXGroup;
			children = (
				68AE12431A1D914900538133 /* Info.plist */,
			);
			name = "Supporting Files";
			sourceTree = "<group>";
		};
/* End PBXGroup section */

/* Begin PBXNativeTarget section */
		68AE122D1A1D914900538133 /* Notifications-OSX */ = {
			isa = PBXNativeTarget;
			buildConfigurationList = 68AE12481A1D914900538133 /* Build configuration list for PBXNativeTarget "Notifications-OSX" */;
			buildPhases = (
				68AE122A1A1D914900538133 /* Sources */,
				68AE122B1A1D914900538133 /* Frameworks */,
				68AE122C1A1D914900538133 /* Resources */,
			);
			buildRules = (
			);
			dependencies = (
			);
			name = "Notifications-OSX";
			productName = "Notifications-OSX";
			productReference = 68AE122E1A1D914900538133 /* Notifications-OSX.app */;
			productType = "com.apple.product-type.application";
		};
		68AE123D1A1D914900538133 /* Notifications-OSXTests */ = {
			isa = PBXNativeTarget;
			buildConfigurationList = 68AE124B1A1D914900538133 /* Build configuration list for PBXNativeTarget "Notifications-OSXTests" */;
			buildPhases = (
				68AE123A1A1D914900538133 /* Sources */,
				68AE123B1A1D914900538133 /* Frameworks */,
				68AE123C1A1D914900538133 /* Resources */,
			);
			buildRules = (
			);
			dependencies = (
				68AE12401A1D914900538133 /* PBXTargetDependency */,
			);
			name = "Notifications-OSXTests";
			productName = "Notifications-OSXTests";
			productReference = 68AE123E1A1D914900538133 /* Notifications-OSXTests.xctest */;
			productType = "com.apple.product-type.bundle.unit-test";
		};
/* End PBXNativeTarget section */

/* Begin PBXProject section */
		68AE12261A1D914900538133 /* Project object */ = {
			isa = PBXProject;
			attributes = {
				LastUpgradeCheck = 0610;
				ORGANIZATIONNAME = "Secret Lab";
				TargetAttributes = {
					68AE122D1A1D914900538133 = {
						CreatedOnToolsVersion = 6.1;
					};
					68AE123D1A1D914900538133 = {
						CreatedOnToolsVersion = 6.1;
						TestTargetID = 68AE122D1A1D914900538133;
					};
				};
			};
			buildConfigurationList = 68AE12291A1D914900538133 /* Build configuration list for PBXProject "Notifications-OSX" */;
			compatibilityVersion = "Xcode 3.2";
			developmentRegion = English;
			hasScannedForEncodings = 0;
			knownRegions = (
				en,
				Base,
			);
			mainGroup = 68AE12251A1D914900538133;
			productRefGroup = 68AE122F1A1D914900538133 /* Products */;
			projectDirPath = "";
			projectRoot = "";
			targets = (
				68AE122D1A1D914900538133 /* Notifications-OSX */,
				68AE123D1A1D914900538133 /* Notifications-OSXTests */,
			);
		};
/* End PBXProject section */

/* Begin PBXResourcesBuildPhase section */
		68AE122C1A1D914900538133 /* Resources */ = {
			isa = PBXResourcesBuildPhase;
			buildActionMask = 2147483647;
			files = (
				68AE12361A1D914900538133 /* Images.xcassets in Resources */,
				68AE12391A1D914900538133 /* MainMenu.xib in Resources */,
			);
			runOnlyForDeploymentPostprocessing = 0;
		};
		68AE123C1A1D914900538133 /* Resources */ = {
			isa = PBXResourcesBuildPhase;
			buildActionMask = 2147483647;
			files = (
			);
			runOnlyForDeploymentPostprocessing = 0;
		};
/* End PBXResourcesBuildPhase section */

/* Begin PBXSourcesBuildPhase section */
		68AE122A1A1D914900538133 /* Sources */ = {
			isa = PBXSourcesBuildPhase;
			buildActionMask = 2147483647;
			files = (
				68AE12341A1D914900538133 /* AppDelegate.swift in Sources */,
			);
			runOnlyForDeploymentPostprocessing = 0;
		};
		68AE123A1A1D914900538133 /* Sources */ = {
			isa = PBXSourcesBuildPhase;
			buildActionMask = 2147483647;
			files = (
				68AE12451A1D914900538133 /* Notifications_OSXTests.swift in Sources */,
			);
			runOnlyForDeploymentPostprocessing = 0;
		};
/* End PBXSourcesBuildPhase section */

/* Begin PBXTargetDependency section */
		68AE12401A1D914900538133 /* PBXTargetDependency */ = {
			isa = PBXTargetDependency;
			target = 68AE122D1A1D914900538133 /* Notifications-OSX */;
			targetProxy = 68AE123F1A1D914900538133 /* PBXContainerItemProxy */;
		};
/* End PBXTargetDependency section */

/* Begin PBXVariantGroup section */
		68AE12371A1D914900538133 /* MainMenu.xib */ = {
			isa = PBXVariantGroup;
			children = (
				68AE12381A1D914900538133 /* Base */,
			);
			name = MainMenu.xib;
			sourceTree = "<group>";
		};
/* End PBXVariantGroup section */

/* Begin XCBuildConfiguration section */
		68AE12461A1D914900538133 /* Debug */ = {
			isa = XCBuildConfiguration;
			buildSettings = {
				ALWAYS_SEARCH_USER_PATHS = NO;
				CLANG_CXX_LANGUAGE_STANDARD = "gnu++0x";
				CLANG_CXX_LIBRARY = "libc++";
				CLANG_ENABLE_MODULES = YES;
				CLANG_ENABLE_OBJC_ARC = YES;
				CLANG_WARN_BOOL_CONVERSION = YES;
				CLANG_WARN_CONSTANT_CONVERSION = YES;
				CLANG_WARN_DIRECT_OBJC_ISA_USAGE = YES_ERROR;
				CLANG_WARN_EMPTY_BODY = YES;
				CLANG_WARN_ENUM_CONVERSION = YES;
				CLANG_WARN_INT_CONVERSION = YES;
				CLANG_WARN_OBJC_ROOT_CLASS = YES_ERROR;
				CLANG_WARN_UNREACHABLE_CODE = YES;
				CLANG_WARN__DUPLICATE_METHOD_MATCH = YES;
				CODE_SIGN_IDENTITY = "-";
				COPY_PHASE_STRIP = NO;
				ENABLE_STRICT_OBJC_MSGSEND = YES;
				GCC_C_LANGUAGE_STANDARD = gnu99;
				GCC_DYNAMIC_NO_PIC = NO;
				GCC_OPTIMIZATION_LEVEL = 0;
				GCC_PREPROCESSOR_DEFINITIONS = (
					"DEBUG=1",
					"$(inherited)",
				);
				GCC_SYMBOLS_PRIVATE_EXTERN = NO;
				GCC_WARN_64_TO_32_BIT_CONVERSION = YES;
				GCC_WARN_ABOUT_RETURN_TYPE = YES_ERROR;
				GCC_WARN_UNDECLARED_SELECTOR = YES;
				GCC_WARN_UNINITIALIZED_AUTOS = YES_AGGRESSIVE;
				GCC_WARN_UNUSED_FUNCTION = YES;
				GCC_WARN_UNUSED_VARIABLE = YES;
				MACOSX_DEPLOYMENT_TARGET = 10.9;
				MTL_ENABLE_DEBUG_INFO = YES;
				ONLY_ACTIVE_ARCH = YES;
				SDKROOT = macosx;
				SWIFT_OPTIMIZATION_LEVEL = "-Onone";
			};
			name = Debug;
		};
		68AE12471A1D914900538133 /* Release */ = {
			isa = XCBuildConfiguration;
			buildSettings = {
				ALWAYS_SEARCH_USER_PATHS = NO;
				CLANG_CXX_LANGUAGE_STANDARD = "gnu++0x";
				CLANG_CXX_LIBRARY = "libc++";
				CLANG_ENABLE_MODULES = YES;
				CLANG_ENABLE_OBJC_ARC = YES;
				CLANG_WARN_BOOL_CONVERSION = YES;
				CLANG_WARN_CONSTANT_CONVERSION = YES;
				CLANG_WARN_DIRECT_OBJC_ISA_USAGE = YES_ERROR;
				CLANG_WARN_EMPTY_BODY = YES;
				CLANG_WARN_ENUM_CONVERSION = YES;
				CLANG_WARN_INT_CONVERSION = YES;
				CLANG_WARN_OBJC_ROOT_CLASS = YES_ERROR;
				CLANG_WARN_UNREACHABLE_CODE = YES;
				CLANG_WARN__DUPLICATE_METHOD_MATCH = YES;
				CODE_SIGN_IDENTITY = "-";
				COPY_PHASE_STRIP = YES;
				DEBUG_INFORMATION_FORMAT = "dwarf-with-dsym";
				ENABLE_NS_ASSERTIONS = NO;
				ENABLE_STRICT_OBJC_MSGSEND = YES;
				GCC_C_LANGUAGE_STANDARD = gnu99;
				GCC_WARN_64_TO_32_BIT_CONVERSION = YES;
				GCC_WARN_ABOUT_RETURN_TYPE = YES_ERROR;
				GCC_WARN_UNDECLARED_SELECTOR = YES;
				GCC_WARN_UNINITIALIZED_AUTOS = YES_AGGRESSIVE;
				GCC_WARN_UNUSED_FUNCTION = YES;
				GCC_WARN_UNUSED_VARIABLE = YES;
				MACOSX_DEPLOYMENT_TARGET = 10.9;
				MTL_ENABLE_DEBUG_INFO = NO;
				SDKROOT = macosx;
			};
			name = Release;
		};
		68AE12491A1D914900538133 /* Debug */ = {
			isa = XCBuildConfiguration;
			buildSettings = {
				ASSETCATALOG_COMPILER_APPICON_NAME = AppIcon;
				COMBINE_HIDPI_IMAGES = YES;
				INFOPLIST_FILE = "Notifications-OSX/Info.plist";
				LD_RUNPATH_SEARCH_PATHS = "$(inherited) @executable_path/../Frameworks";
				PRODUCT_NAME = "$(TARGET_NAME)";
			};
			name = Debug;
		};
		68AE124A1A1D914900538133 /* Release */ = {
			isa = XCBuildConfiguration;
			buildSettings = {
				ASSETCATALOG_COMPILER_APPICON_NAME = AppIcon;
				COMBINE_HIDPI_IMAGES = YES;
				INFOPLIST_FILE = "Notifications-OSX/Info.plist";
				LD_RUNPATH_SEARCH_PATHS = "$(inherited) @executable_path/../Frameworks";
				PRODUCT_NAME = "$(TARGET_NAME)";
			};
			name = Release;
		};
		68AE124C1A1D914900538133 /* Debug */ = {
			isa = XCBuildConfiguration;
			buildSettings = {
				BUNDLE_LOADER = "$(TEST_HOST)";
				COMBINE_HIDPI_IMAGES = YES;
				FRAMEWORK_SEARCH_PATHS = (
					"$(DEVELOPER_FRAMEWORKS_DIR)",
					"$(inherited)",
				);
				GCC_PREPROCESSOR_DEFINITIONS = (
					"DEBUG=1",
					"$(inherited)",
				);
				INFOPLIST_FILE = "Notifications-OSXTests/Info.plist";
				LD_RUNPATH_SEARCH_PATHS = "$(inherited) @executable_path/../Frameworks @loader_path/../Frameworks";
				PRODUCT_NAME = "$(TARGET_NAME)";
				TEST_HOST = "$(BUILT_PRODUCTS_DIR)/Notifications-OSX.app/Contents/MacOS/Notifications-OSX";
			};
			name = Debug;
		};
		68AE124D1A1D914900538133 /* Release */ = {
			isa = XCBuildConfiguration;
			buildSettings = {
				BUNDLE_LOADER = "$(TEST_HOST)";
				COMBINE_HIDPI_IMAGES = YES;
				FRAMEWORK_SEARCH_PATHS = (
					"$(DEVELOPER_FRAMEWORKS_DIR)",
					"$(inherited)",
				);
				INFOPLIST_FILE = "Notifications-OSXTests/Info.plist";
				LD_RUNPATH_SEARCH_PATHS = "$(inherited) @executable_path/../Frameworks @loader_path/../Frameworks";
				PRODUCT_NAME = "$(TARGET_NAME)";
				TEST_HOST = "$(BUILT_PRODUCTS_DIR)/Notifications-OSX.app/Contents/MacOS/Notifications-OSX";
			};
			name = Release;
		};
/* End XCBuildConfiguration section */

/* Begin XCConfigurationList section */
		68AE12291A1D914900538133 /* Build configuration list for PBXProject "Notifications-OSX" */ = {
			isa = XCConfigurationList;
			buildConfigurations = (
				68AE12461A1D914900538133 /* Debug */,
				68AE12471A1D914900538133 /* Release */,
			);
			defaultConfigurationIsVisible = 0;
			defaultConfigurationName = Release;
		};
		68AE12481A1D914900538133 /* Build configuration list for PBXNativeTarget "Notifications-OSX" */ = {
			isa = XCConfigurationList;
			buildConfigurations = (
				68AE12491A1D914900538133 /* Debug */,
				68AE124A1A1D914900538133 /* Release */,
			);
			defaultConfigurationIsVisible = 0;
			defaultConfigurationName = Release;
		};
		68AE124B1A1D914900538133 /* Build configuration list for PBXNativeTarget "Notifications-OSXTests" */ = {
			isa = XCConfigurationList;
			buildConfigurations = (
				68AE124C1A1D914900538133 /* Debug */,
				68AE124D1A1D914900538133 /* Release */,
			);
			defaultConfigurationIsVisible = 0;
			defaultConfigurationName = Release;
		};
/* End XCConfigurationList section */
	};
	rootObject = 68AE12261A1D914900538133 /* Project object */;
}
