// !$*UTF8*$!
{
	archiveVersion = 1;
	classes = {
	};
	objectVersion = 46;
	objects = {

/* Begin PBXBuildFile section */
		68683E331A1DB0B9007C11EA /* AppDelegate.swift in Sources */ = {isa = PBXBuildFile; fileRef = 68683E321A1DB0B9007C11EA /* AppDelegate.swift */; };
		68683E351A1DB0B9007C11EA /* Images.xcassets in Resources */ = {isa = PBXBuildFile; fileRef = 68683E341A1DB0B9007C11EA /* Images.xcassets */; };
		68683E381A1DB0B9007C11EA /* MainMenu.xib in Resources */ = {isa = PBXBuildFile; fileRef = 68683E361A1DB0B9007C11EA /* MainMenu.xib */; };
		68683E441A1DB0B9007C11EA /* VideoPlaybackTests.swift in Sources */ = {isa = PBXBuildFile; fileRef = 68683E431A1DB0B9007C11EA /* VideoPlaybackTests.swift */; };
		68683E4E1A1DB13E007C11EA /* TestVideo.m4v in Resources */ = {isa = PBXBuildFile; fileRef = 68683E4D1A1DB13E007C11EA /* TestVideo.m4v */; };
/* End PBXBuildFile section */

/* Begin PBXContainerItemProxy section */
		68683E3E1A1DB0B9007C11EA /* PBXContainerItemProxy */ = {
			isa = PBXContainerItemProxy;
			containerPortal = 68683E251A1DB0B9007C11EA /* Project object */;
			proxyType = 1;
			remoteGlobalIDString = 68683E2C1A1DB0B9007C11EA;
			remoteInfo = VideoPlayback;
		};
/* End PBXContainerItemProxy section */

/* Begin PBXFileReference section */
		68683E2D1A1DB0B9007C11EA /* VideoPlayback.app */ = {isa = PBXFileReference; explicitFileType = wrapper.application; includeInIndex = 0; path = VideoPlayback.app; sourceTree = BUILT_PRODUCTS_DIR; };
		68683E311A1DB0B9007C11EA /* Info.plist */ = {isa = PBXFileReference; lastKnownFileType = text.plist.xml; path = Info.plist; sourceTree = "<group>"; };
		68683E321A1DB0B9007C11EA /* AppDelegate.swift */ = {isa = PBXFileReference; lastKnownFileType = sourcecode.swift; path = AppDelegate.swift; sourceTree = "<group>"; };
		68683E341A1DB0B9007C11EA /* Images.xcassets */ = {isa = PBXFileReference; lastKnownFileType = folder.assetcatalog; path = Images.xcassets; sourceTree = "<group>"; };
		68683E371A1DB0B9007C11EA /* Base */ = {isa = PBXFileReference; lastKnownFileType = file.xib; name = Base; path = Base.lproj/MainMenu.xib; sourceTree = "<group>"; };
		68683E3D1A1DB0B9007C11EA /* VideoPlaybackTests.xctest */ = {isa = PBXFileReference; explicitFileType = wrapper.cfbundle; includeInIndex = 0; path = VideoPlaybackTests.xctest; sourceTree = BUILT_PRODUCTS_DIR; };
		68683E421A1DB0B9007C11EA /* Info.plist */ = {isa = PBXFileReference; lastKnownFileType = text.plist.xml; path = Info.plist; sourceTree = "<group>"; };
		68683E431A1DB0B9007C11EA /* VideoPlaybackTests.swift */ = {isa = PBXFileReference; lastKnownFileType = sourcecode.swift; path = VideoPlaybackTests.swift; sourceTree = "<group>"; };
		68683E4D1A1DB13E007C11EA /* TestVideo.m4v */ = {isa = PBXFileReference; lastKnownFileType = file; path = TestVideo.m4v; sourceTree = "<group>"; };
/* End PBXFileReference section */

/* Begin PBXFrameworksBuildPhase section */
		68683E2A1A1DB0B9007C11EA /* Frameworks */ = {
			isa = PBXFrameworksBuildPhase;
			buildActionMask = 2147483647;
			files = (
			);
			runOnlyForDeploymentPostprocessing = 0;
		};
		68683E3A1A1DB0B9007C11EA /* Frameworks */ = {
			isa = PBXFrameworksBuildPhase;
			buildActionMask = 2147483647;
			files = (
			);
			runOnlyForDeploymentPostprocessing = 0;
		};
/* End PBXFrameworksBuildPhase section */

/* Begin PBXGroup section */
		68683E241A1DB0B9007C11EA = {
			isa = PBXGroup;
			children = (
				68683E2F1A1DB0B9007C11EA /* VideoPlayback */,
				68683E401A1DB0B9007C11EA /* VideoPlaybackTests */,
				68683E2E1A1DB0B9007C11EA /* Products */,
			);
			sourceTree = "<group>";
		};
		68683E2E1A1DB0B9007C11EA /* Products */ = {
			isa = PBXGroup;
			children = (
				68683E2D1A1DB0B9007C11EA /* VideoPlayback.app */,
				68683E3D1A1DB0B9007C11EA /* VideoPlaybackTests.xctest */,
			);
			name = Products;
			sourceTree = "<group>";
		};
		68683E2F1A1DB0B9007C11EA /* VideoPlayback */ = {
			isa = PBXGroup;
			children = (
				68683E4D1A1DB13E007C11EA /* TestVideo.m4v */,
				68683E321A1DB0B9007C11EA /* AppDelegate.swift */,
				68683E341A1DB0B9007C11EA /* Images.xcassets */,
				68683E361A1DB0B9007C11EA /* MainMenu.xib */,
				68683E301A1DB0B9007C11EA /* Supporting Files */,
			);
			path = VideoPlayback;
			sourceTree = "<group>";
		};
		68683E301A1DB0B9007C11EA /* Supporting Files */ = {
			isa = PBXGroup;
			children = (
				68683E311A1DB0B9007C11EA /* Info.plist */,
			);
			name = "Supporting Files";
			sourceTree = "<group>";
		};
		68683E401A1DB0B9007C11EA /* VideoPlaybackTests */ = {
			isa = PBXGroup;
			children = (
				68683E431A1DB0B9007C11EA /* VideoPlaybackTests.swift */,
				68683E411A1DB0B9007C11EA /* Supporting Files */,
			);
			path = VideoPlaybackTests;
			sourceTree = "<group>";
		};
		68683E411A1DB0B9007C11EA /* Supporting Files */ = {
			isa = PBXGroup;
			children = (
				68683E421A1DB0B9007C11EA /* Info.plist */,
			);
			name = "Supporting Files";
			sourceTree = "<group>";
		};
/* End PBXGroup section */

/* Begin PBXNativeTarget section */
		68683E2C1A1DB0B9007C11EA /* VideoPlayback */ = {
			isa = PBXNativeTarget;
			buildConfigurationList = 68683E471A1DB0B9007C11EA /* Build configuration list for PBXNativeTarget "VideoPlayback" */;
			buildPhases = (
				68683E291A1DB0B9007C11EA /* Sources */,
				68683E2A1A1DB0B9007C11EA /* Frameworks */,
				68683E2B1A1DB0B9007C11EA /* Resources */,
			);
			buildRules = (
			);
			dependencies = (
			);
			name = VideoPlayback;
			productName = VideoPlayback;
			productReference = 68683E2D1A1DB0B9007C11EA /* VideoPlayback.app */;
			productType = "com.apple.product-type.application";
		};
		68683E3C1A1DB0B9007C11EA /* VideoPlaybackTests */ = {
			isa = PBXNativeTarget;
			buildConfigurationList = 68683E4A1A1DB0B9007C11EA /* Build configuration list for PBXNativeTarget "VideoPlaybackTests" */;
			buildPhases = (
				68683E391A1DB0B9007C11EA /* Sources */,
				68683E3A1A1DB0B9007C11EA /* Frameworks */,
				68683E3B1A1DB0B9007C11EA /* Resources */,
			);
			buildRules = (
			);
			dependencies = (
				68683E3F1A1DB0B9007C11EA /* PBXTargetDependency */,
			);
			name = VideoPlaybackTests;
			productName = VideoPlaybackTests;
			productReference = 68683E3D1A1DB0B9007C11EA /* VideoPlaybackTests.xctest */;
			productType = "com.apple.product-type.bundle.unit-test";
		};
/* End PBXNativeTarget section */

/* Begin PBXProject section */
		68683E251A1DB0B9007C11EA /* Project object */ = {
			isa = PBXProject;
			attributes = {
				LastUpgradeCheck = 0610;
				ORGANIZATIONNAME = "Secret Lab";
				TargetAttributes = {
					68683E2C1A1DB0B9007C11EA = {
						CreatedOnToolsVersion = 6.1;
					};
					68683E3C1A1DB0B9007C11EA = {
						CreatedOnToolsVersion = 6.1;
						TestTargetID = 68683E2C1A1DB0B9007C11EA;
					};
				};
			};
			buildConfigurationList = 68683E281A1DB0B9007C11EA /* Build configuration list for PBXProject "VideoPlayback" */;
			compatibilityVersion = "Xcode 3.2";
			developmentRegion = English;
			hasScannedForEncodings = 0;
			knownRegions = (
				en,
				Base,
			);
			mainGroup = 68683E241A1DB0B9007C11EA;
			productRefGroup = 68683E2E1A1DB0B9007C11EA /* Products */;
			projectDirPath = "";
			projectRoot = "";
			targets = (
				68683E2C1A1DB0B9007C11EA /* VideoPlayback */,
				68683E3C1A1DB0B9007C11EA /* VideoPlaybackTests */,
			);
		};
/* End PBXProject section */

/* Begin PBXResourcesBuildPhase section */
		68683E2B1A1DB0B9007C11EA /* Resources */ = {
			isa = PBXResourcesBuildPhase;
			buildActionMask = 2147483647;
			files = (
				68683E351A1DB0B9007C11EA /* Images.xcassets in Resources */,
				68683E4E1A1DB13E007C11EA /* TestVideo.m4v in Resources */,
				68683E381A1DB0B9007C11EA /* MainMenu.xib in Resources */,
			);
			runOnlyForDeploymentPostprocessing = 0;
		};
		68683E3B1A1DB0B9007C11EA /* Resources */ = {
			isa = PBXResourcesBuildPhase;
			buildActionMask = 2147483647;
			files = (
			);
			runOnlyForDeploymentPostprocessing = 0;
		};
/* End PBXResourcesBuildPhase section */

/* Begin PBXSourcesBuildPhase section */
		68683E291A1DB0B9007C11EA /* Sources */ = {
			isa = PBXSourcesBuildPhase;
			buildActionMask = 2147483647;
			files = (
				68683E331A1DB0B9007C11EA /* AppDelegate.swift in Sources */,
			);
			runOnlyForDeploymentPostprocessing = 0;
		};
		68683E391A1DB0B9007C11EA /* Sources */ = {
			isa = PBXSourcesBuildPhase;
			buildActionMask = 2147483647;
			files = (
				68683E441A1DB0B9007C11EA /* VideoPlaybackTests.swift in Sources */,
			);
			runOnlyForDeploymentPostprocessing = 0;
		};
/* End PBXSourcesBuildPhase section */

/* Begin PBXTargetDependency section */
		68683E3F1A1DB0B9007C11EA /* PBXTargetDependency */ = {
			isa = PBXTargetDependency;
			target = 68683E2C1A1DB0B9007C11EA /* VideoPlayback */;
			targetProxy = 68683E3E1A1DB0B9007C11EA /* PBXContainerItemProxy */;
		};
/* End PBXTargetDependency section */

/* Begin PBXVariantGroup section */
		68683E361A1DB0B9007C11EA /* MainMenu.xib */ = {
			isa = PBXVariantGroup;
			children = (
				68683E371A1DB0B9007C11EA /* Base */,
			);
			name = MainMenu.xib;
			sourceTree = "<group>";
		};
/* End PBXVariantGroup section */

/* Begin XCBuildConfiguration section */
		68683E451A1DB0B9007C11EA /* Debug */ = {
			isa = XCBuildConfiguration;
			buildSettings = {
				ALWAYS_SEARCH_USER_PATHS = NO;
				CLANG_CXX_LANGUAGE_STANDARD = "gnu++0x";
				CLANG_CXX_LIBRARY = "libc++";
				CLANG_ENABLE_MODULES = YES;
				CLANG_ENABLE_OBJC_ARC = YES;
				CLANG_WARN_BOOL_CONVERSION = YES;
				CLANG_WARN_CONSTANT_CONVERSION = YES;
				CLANG_WARN_DIRECT_OBJC_ISA_USAGE = YES_ERROR;
				CLANG_WARN_EMPTY_BODY = YES;
				CLANG_WARN_ENUM_CONVERSION = YES;
				CLANG_WARN_INT_CONVERSION = YES;
				CLANG_WARN_OBJC_ROOT_CLASS = YES_ERROR;
				CLANG_WARN_UNREACHABLE_CODE = YES;
				CLANG_WARN__DUPLICATE_METHOD_MATCH = YES;
				CODE_SIGN_IDENTITY = "-";
				COPY_PHASE_STRIP = NO;
				ENABLE_STRICT_OBJC_MSGSEND = YES;
				GCC_C_LANGUAGE_STANDARD = gnu99;
				GCC_DYNAMIC_NO_PIC = NO;
				GCC_OPTIMIZATION_LEVEL = 0;
				GCC_PREPROCESSOR_DEFINITIONS = (
					"DEBUG=1",
					"$(inherited)",
				);
				GCC_SYMBOLS_PRIVATE_EXTERN = NO;
				GCC_WARN_64_TO_32_BIT_CONVERSION = YES;
				GCC_WARN_ABOUT_RETURN_TYPE = YES_ERROR;
				GCC_WARN_UNDECLARED_SELECTOR = YES;
				GCC_WARN_UNINITIALIZED_AUTOS = YES_AGGRESSIVE;
				GCC_WARN_UNUSED_FUNCTION = YES;
				GCC_WARN_UNUSED_VARIABLE = YES;
				MACOSX_DEPLOYMENT_TARGET = 10.9;
				MTL_ENABLE_DEBUG_INFO = YES;
				ONLY_ACTIVE_ARCH = YES;
				SDKROOT = macosx;
				SWIFT_OPTIMIZATION_LEVEL = "-Onone";
			};
			name = Debug;
		};
		68683E461A1DB0B9007C11EA /* Release */ = {
			isa = XCBuildConfiguration;
			buildSettings = {
				ALWAYS_SEARCH_USER_PATHS = NO;
				CLANG_CXX_LANGUAGE_STANDARD = "gnu++0x";
				CLANG_CXX_LIBRARY = "libc++";
				CLANG_ENABLE_MODULES = YES;
				CLANG_ENABLE_OBJC_ARC = YES;
				CLANG_WARN_BOOL_CONVERSION = YES;
				CLANG_WARN_CONSTANT_CONVERSION = YES;
				CLANG_WARN_DIRECT_OBJC_ISA_USAGE = YES_ERROR;
				CLANG_WARN_EMPTY_BODY = YES;
				CLANG_WARN_ENUM_CONVERSION = YES;
				CLANG_WARN_INT_CONVERSION = YES;
				CLANG_WARN_OBJC_ROOT_CLASS = YES_ERROR;
				CLANG_WARN_UNREACHABLE_CODE = YES;
				CLANG_WARN__DUPLICATE_METHOD_MATCH = YES;
				CODE_SIGN_IDENTITY = "-";
				COPY_PHASE_STRIP = YES;
				DEBUG_INFORMATION_FORMAT = "dwarf-with-dsym";
				ENABLE_NS_ASSERTIONS = NO;
				ENABLE_STRICT_OBJC_MSGSEND = YES;
				GCC_C_LANGUAGE_STANDARD = gnu99;
				GCC_WARN_64_TO_32_BIT_CONVERSION = YES;
				GCC_WARN_ABOUT_RETURN_TYPE = YES_ERROR;
				GCC_WARN_UNDECLARED_SELECTOR = YES;
				GCC_WARN_UNINITIALIZED_AUTOS = YES_AGGRESSIVE;
				GCC_WARN_UNUSED_FUNCTION = YES;
				GCC_WARN_UNUSED_VARIABLE = YES;
				MACOSX_DEPLOYMENT_TARGET = 10.9;
				MTL_ENABLE_DEBUG_INFO = NO;
				SDKROOT = macosx;
			};
			name = Release;
		};
		68683E481A1DB0B9007C11EA /* Debug */ = {
			isa = XCBuildConfiguration;
			buildSettings = {
				ASSETCATALOG_COMPILER_APPICON_NAME = AppIcon;
				COMBINE_HIDPI_IMAGES = YES;
				INFOPLIST_FILE = VideoPlayback/Info.plist;
				LD_RUNPATH_SEARCH_PATHS = "$(inherited) @executable_path/../Frameworks";
				PRODUCT_NAME = "$(TARGET_NAME)";
			};
			name = Debug;
		};
		68683E491A1DB0B9007C11EA /* Release */ = {
			isa = XCBuildConfiguration;
			buildSettings = {
				ASSETCATALOG_COMPILER_APPICON_NAME = AppIcon;
				COMBINE_HIDPI_IMAGES = YES;
				INFOPLIST_FILE = VideoPlayback/Info.plist;
				LD_RUNPATH_SEARCH_PATHS = "$(inherited) @executable_path/../Frameworks";
				PRODUCT_NAME = "$(TARGET_NAME)";
			};
			name = Release;
		};
		68683E4B1A1DB0B9007C11EA /* Debug */ = {
			isa = XCBuildConfiguration;
			buildSettings = {
				BUNDLE_LOADER = "$(TEST_HOST)";
				COMBINE_HIDPI_IMAGES = YES;
				FRAMEWORK_SEARCH_PATHS = (
					"$(DEVELOPER_FRAMEWORKS_DIR)",
					"$(inherited)",
				);
				GCC_PREPROCESSOR_DEFINITIONS = (
					"DEBUG=1",
					"$(inherited)",
				);
				INFOPLIST_FILE = VideoPlaybackTests/Info.plist;
				LD_RUNPATH_SEARCH_PATHS = "$(inherited) @executable_path/../Frameworks @loader_path/../Frameworks";
				PRODUCT_NAME = "$(TARGET_NAME)";
				TEST_HOST = "$(BUILT_PRODUCTS_DIR)/VideoPlayback.app/Contents/MacOS/VideoPlayback";
			};
			name = Debug;
		};
		68683E4C1A1DB0B9007C11EA /* Release */ = {
			isa = XCBuildConfiguration;
			buildSettings = {
				BUNDLE_LOADER = "$(TEST_HOST)";
				COMBINE_HIDPI_IMAGES = YES;
				FRAMEWORK_SEARCH_PATHS = (
					"$(DEVELOPER_FRAMEWORKS_DIR)",
					"$(inherited)",
				);
				INFOPLIST_FILE = VideoPlaybackTests/Info.plist;
				LD_RUNPATH_SEARCH_PATHS = "$(inherited) @executable_path/../Frameworks @loader_path/../Frameworks";
				PRODUCT_NAME = "$(TARGET_NAME)";
				TEST_HOST = "$(BUILT_PRODUCTS_DIR)/VideoPlayback.app/Contents/MacOS/VideoPlayback";
			};
			name = Release;
		};
/* End XCBuildConfiguration section */

/* Begin XCConfigurationList section */
		68683E281A1DB0B9007C11EA /* Build configuration list for PBXProject "VideoPlayback" */ = {
			isa = XCConfigurationList;
			buildConfigurations = (
				68683E451A1DB0B9007C11EA /* Debug */,
				68683E461A1DB0B9007C11EA /* Release */,
			);
			defaultConfigurationIsVisible = 0;
			defaultConfigurationName = Release;
		};
		68683E471A1DB0B9007C11EA /* Build configuration list for PBXNativeTarget "VideoPlayback" */ = {
			isa = XCConfigurationList;
			buildConfigurations = (
				68683E481A1DB0B9007C11EA /* Debug */,
				68683E491A1DB0B9007C11EA /* Release */,
			);
			defaultConfigurationIsVisible = 0;
		};
		68683E4A1A1DB0B9007C11EA /* Build configuration list for PBXNativeTarget "VideoPlaybackTests" */ = {
			isa = XCConfigurationList;
			buildConfigurations = (
				68683E4B1A1DB0B9007C11EA /* Debug */,
				68683E4C1A1DB0B9007C11EA /* Release */,
			);
			defaultConfigurationIsVisible = 0;
		};
/* End XCConfigurationList section */
	};
	rootObject = 68683E251A1DB0B9007C11EA /* Project object */;
}
