// !$*UTF8*$!
{
	archiveVersion = 1;
	classes = {
	};
	objectVersion = 46;
	objects = {

/* Begin PBXBuildFile section */
		68683FD31A1EFCD4007C11EA /* AppDelegate.swift in Sources */ = {isa = PBXBuildFile; fileRef = 68683FD21A1EFCD4007C11EA /* AppDelegate.swift */; };
		68683FD51A1EFCD4007C11EA /* ViewController.swift in Sources */ = {isa = PBXBuildFile; fileRef = 68683FD41A1EFCD4007C11EA /* ViewController.swift */; };
		68683FD81A1EFCD4007C11EA /* Main.storyboard in Resources */ = {isa = PBXBuildFile; fileRef = 68683FD61A1EFCD4007C11EA /* Main.storyboard */; };
		68683FDA1A1EFCD4007C11EA /* Images.xcassets in Resources */ = {isa = PBXBuildFile; fileRef = 68683FD91A1EFCD4007C11EA /* Images.xcassets */; };
		68683FDD1A1EFCD4007C11EA /* LaunchScreen.xib in Resources */ = {isa = PBXBuildFile; fileRef = 68683FDB1A1EFCD4007C11EA /* LaunchScreen.xib */; };
		68683FE91A1EFCD5007C11EA /* ToDoTests.swift in Sources */ = {isa = PBXBuildFile; fileRef = 68683FE81A1EFCD5007C11EA /* ToDoTests.swift */; };
		68683FF41A1EFD1B007C11EA /* CloudKit.framework in Frameworks */ = {isa = PBXBuildFile; fileRef = 68683FF31A1EFD1B007C11EA /* CloudKit.framework */; };
/* End PBXBuildFile section */

/* Begin PBXContainerItemProxy section */
		68683FE31A1EFCD5007C11EA /* PBXContainerItemProxy */ = {
			isa = PBXContainerItemProxy;
			containerPortal = 68683FC51A1EFCD4007C11EA /* Project object */;
			proxyType = 1;
			remoteGlobalIDString = 68683FCC1A1EFCD4007C11EA;
			remoteInfo = ToDo;
		};
/* End PBXContainerItemProxy section */

/* Begin PBXFileReference section */
		68683FCD1A1EFCD4007C11EA /* ToDo.app */ = {isa = PBXFileReference; explicitFileType = wrapper.application; includeInIndex = 0; path = ToDo.app; sourceTree = BUILT_PRODUCTS_DIR; };
		68683FD11A1EFCD4007C11EA /* Info.plist */ = {isa = PBXFileReference; lastKnownFileType = text.plist.xml; path = Info.plist; sourceTree = "<group>"; };
		68683FD21A1EFCD4007C11EA /* AppDelegate.swift */ = {isa = PBXFileReference; lastKnownFileType = sourcecode.swift; path = AppDelegate.swift; sourceTree = "<group>"; };
		68683FD41A1EFCD4007C11EA /* ViewController.swift */ = {isa = PBXFileReference; lastKnownFileType = sourcecode.swift; path = ViewController.swift; sourceTree = "<group>"; };
		68683FD71A1EFCD4007C11EA /* Base */ = {isa = PBXFileReference; lastKnownFileType = file.storyboard; name = Base; path = Base.lproj/Main.storyboard; sourceTree = "<group>"; };
		68683FD91A1EFCD4007C11EA /* Images.xcassets */ = {isa = PBXFileReference; lastKnownFileType = folder.assetcatalog; path = Images.xcassets; sourceTree = "<group>"; };
		68683FDC1A1EFCD4007C11EA /* Base */ = {isa = PBXFileReference; lastKnownFileType = file.xib; name = Base; path = Base.lproj/LaunchScreen.xib; sourceTree = "<group>"; };
		68683FE21A1EFCD5007C11EA /* ToDoTests.xctest */ = {isa = PBXFileReference; explicitFileType = wrapper.cfbundle; includeInIndex = 0; path = ToDoTests.xctest; sourceTree = BUILT_PRODUCTS_DIR; };
		68683FE71A1EFCD5007C11EA /* Info.plist */ = {isa = PBXFileReference; lastKnownFileType = text.plist.xml; path = Info.plist; sourceTree = "<group>"; };
		68683FE81A1EFCD5007C11EA /* ToDoTests.swift */ = {isa = PBXFileReference; lastKnownFileType = sourcecode.swift; path = ToDoTests.swift; sourceTree = "<group>"; };
		68683FF21A1EFCE8007C11EA /* ToDo.entitlements */ = {isa = PBXFileReference; lastKnownFileType = text.xml; path = ToDo.entitlements; sourceTree = "<group>"; };
		68683FF31A1EFD1B007C11EA /* CloudKit.framework */ = {isa = PBXFileReference; lastKnownFileType = wrapper.framework; name = CloudKit.framework; path = System/Library/Frameworks/CloudKit.framework; sourceTree = SDKROOT; };
/* End PBXFileReference section */

/* Begin PBXFrameworksBuildPhase section */
		68683FCA1A1EFCD4007C11EA /* Frameworks */ = {
			isa = PBXFrameworksBuildPhase;
			buildActionMask = 2147483647;
			files = (
				68683FF41A1EFD1B007C11EA /* CloudKit.framework in Frameworks */,
			);
			runOnlyForDeploymentPostprocessing = 0;
		};
		68683FDF1A1EFCD5007C11EA /* Frameworks */ = {
			isa = PBXFrameworksBuildPhase;
			buildActionMask = 2147483647;
			files = (
			);
			runOnlyForDeploymentPostprocessing = 0;
		};
/* End PBXFrameworksBuildPhase section */

/* Begin PBXGroup section */
		68683FC41A1EFCD4007C11EA = {
			isa = PBXGroup;
			children = (
				68683FF31A1EFD1B007C11EA /* CloudKit.framework */,
				68683FCF1A1EFCD4007C11EA /* ToDo */,
				68683FE51A1EFCD5007C11EA /* ToDoTests */,
				68683FCE1A1EFCD4007C11EA /* Products */,
			);
			sourceTree = "<group>";
		};
		68683FCE1A1EFCD4007C11EA /* Products */ = {
			isa = PBXGroup;
			children = (
				68683FCD1A1EFCD4007C11EA /* ToDo.app */,
				68683FE21A1EFCD5007C11EA /* ToDoTests.xctest */,
			);
			name = Products;
			sourceTree = "<group>";
		};
		68683FCF1A1EFCD4007C11EA /* ToDo */ = {
			isa = PBXGroup;
			children = (
				68683FF21A1EFCE8007C11EA /* ToDo.entitlements */,
				68683FD21A1EFCD4007C11EA /* AppDelegate.swift */,
				68683FD41A1EFCD4007C11EA /* ViewController.swift */,
				68683FD61A1EFCD4007C11EA /* Main.storyboard */,
				68683FD91A1EFCD4007C11EA /* Images.xcassets */,
				68683FDB1A1EFCD4007C11EA /* LaunchScreen.xib */,
				68683FD01A1EFCD4007C11EA /* Supporting Files */,
			);
			path = ToDo;
			sourceTree = "<group>";
		};
		68683FD01A1EFCD4007C11EA /* Supporting Files */ = {
			isa = PBXGroup;
			children = (
				68683FD11A1EFCD4007C11EA /* Info.plist */,
			);
			name = "Supporting Files";
			sourceTree = "<group>";
		};
		68683FE51A1EFCD5007C11EA /* ToDoTests */ = {
			isa = PBXGroup;
			children = (
				68683FE81A1EFCD5007C11EA /* ToDoTests.swift */,
				68683FE61A1EFCD5007C11EA /* Supporting Files */,
			);
			path = ToDoTests;
			sourceTree = "<group>";
		};
		68683FE61A1EFCD5007C11EA /* Supporting Files */ = {
			isa = PBXGroup;
			children = (
				68683FE71A1EFCD5007C11EA /* Info.plist */,
			);
			name = "Supporting Files";
			sourceTree = "<group>";
		};
/* End PBXGroup section */

/* Begin PBXNativeTarget section */
		68683FCC1A1EFCD4007C11EA /* ToDo */ = {
			isa = PBXNativeTarget;
			buildConfigurationList = 68683FEC1A1EFCD5007C11EA /* Build configuration list for PBXNativeTarget "ToDo" */;
			buildPhases = (
				68683FC91A1EFCD4007C11EA /* Sources */,
				68683FCA1A1EFCD4007C11EA /* Frameworks */,
				68683FCB1A1EFCD4007C11EA /* Resources */,
			);
			buildRules = (
			);
			dependencies = (
			);
			name = ToDo;
			productName = ToDo;
			productReference = 68683FCD1A1EFCD4007C11EA /* ToDo.app */;
			productType = "com.apple.product-type.application";
		};
		68683FE11A1EFCD5007C11EA /* ToDoTests */ = {
			isa = PBXNativeTarget;
			buildConfigurationList = 68683FEF1A1EFCD5007C11EA /* Build configuration list for PBXNativeTarget "ToDoTests" */;
			buildPhases = (
				68683FDE1A1EFCD5007C11EA /* Sources */,
				68683FDF1A1EFCD5007C11EA /* Frameworks */,
				68683FE01A1EFCD5007C11EA /* Resources */,
			);
			buildRules = (
			);
			dependencies = (
				68683FE41A1EFCD5007C11EA /* PBXTargetDependency */,
			);
			name = ToDoTests;
			productName = ToDoTests;
			productReference = 68683FE21A1EFCD5007C11EA /* ToDoTests.xctest */;
			productType = "com.apple.product-type.bundle.unit-test";
		};
/* End PBXNativeTarget section */

/* Begin PBXProject section */
		68683FC51A1EFCD4007C11EA /* Project object */ = {
			isa = PBXProject;
			attributes = {
				LastUpgradeCheck = 0610;
				ORGANIZATIONNAME = "Secret Lab";
				TargetAttributes = {
					68683FCC1A1EFCD4007C11EA = {
						CreatedOnToolsVersion = 6.1;
						DevelopmentTeam = 5V2A4389PA;
						SystemCapabilities = {
							com.apple.iCloud = {
								enabled = 1;
							};
						};
					};
					68683FE11A1EFCD5007C11EA = {
						CreatedOnToolsVersion = 6.1;
						TestTargetID = 68683FCC1A1EFCD4007C11EA;
					};
				};
			};
			buildConfigurationList = 68683FC81A1EFCD4007C11EA /* Build configuration list for PBXProject "ToDo" */;
			compatibilityVersion = "Xcode 3.2";
			developmentRegion = English;
			hasScannedForEncodings = 0;
			knownRegions = (
				en,
				Base,
			);
			mainGroup = 68683FC41A1EFCD4007C11EA;
			productRefGroup = 68683FCE1A1EFCD4007C11EA /* Products */;
			projectDirPath = "";
			projectRoot = "";
			targets = (
				68683FCC1A1EFCD4007C11EA /* ToDo */,
				68683FE11A1EFCD5007C11EA /* ToDoTests */,
			);
		};
/* End PBXProject section */

/* Begin PBXResourcesBuildPhase section */
		68683FCB1A1EFCD4007C11EA /* Resources */ = {
			isa = PBXResourcesBuildPhase;
			buildActionMask = 2147483647;
			files = (
				68683FD81A1EFCD4007C11EA /* Main.storyboard in Resources */,
				68683FDD1A1EFCD4007C11EA /* LaunchScreen.xib in Resources */,
				68683FDA1A1EFCD4007C11EA /* Images.xcassets in Resources */,
			);
			runOnlyForDeploymentPostprocessing = 0;
		};
		68683FE01A1EFCD5007C11EA /* Resources */ = {
			isa = PBXResourcesBuildPhase;
			buildActionMask = 2147483647;
			files = (
			);
			runOnlyForDeploymentPostprocessing = 0;
		};
/* End PBXResourcesBuildPhase section */

/* Begin PBXSourcesBuildPhase section */
		68683FC91A1EFCD4007C11EA /* Sources */ = {
			isa = PBXSourcesBuildPhase;
			buildActionMask = 2147483647;
			files = (
				68683FD51A1EFCD4007C11EA /* ViewController.swift in Sources */,
				68683FD31A1EFCD4007C11EA /* AppDelegate.swift in Sources */,
			);
			runOnlyForDeploymentPostprocessing = 0;
		};
		68683FDE1A1EFCD5007C11EA /* Sources */ = {
			isa = PBXSourcesBuildPhase;
			buildActionMask = 2147483647;
			files = (
				68683FE91A1EFCD5007C11EA /* ToDoTests.swift in Sources */,
			);
			runOnlyForDeploymentPostprocessing = 0;
		};
/* End PBXSourcesBuildPhase section */

/* Begin PBXTargetDependency section */
		68683FE41A1EFCD5007C11EA /* PBXTargetDependency */ = {
			isa = PBXTargetDependency;
			target = 68683FCC1A1EFCD4007C11EA /* ToDo */;
			targetProxy = 68683FE31A1EFCD5007C11EA /* PBXContainerItemProxy */;
		};
/* End PBXTargetDependency section */

/* Begin PBXVariantGroup section */
		68683FD61A1EFCD4007C11EA /* Main.storyboard */ = {
			isa = PBXVariantGroup;
			children = (
				68683FD71A1EFCD4007C11EA /* Base */,
			);
			name = Main.storyboard;
			sourceTree = "<group>";
		};
		68683FDB1A1EFCD4007C11EA /* LaunchScreen.xib */ = {
			isa = PBXVariantGroup;
			children = (
				68683FDC1A1EFCD4007C11EA /* Base */,
			);
			name = LaunchScreen.xib;
			sourceTree = "<group>";
		};
/* End PBXVariantGroup section */

/* Begin XCBuildConfiguration section */
		68683FEA1A1EFCD5007C11EA /* Debug */ = {
			isa = XCBuildConfiguration;
			buildSettings = {
				ALWAYS_SEARCH_USER_PATHS = NO;
				CLANG_CXX_LANGUAGE_STANDARD = "gnu++0x";
				CLANG_CXX_LIBRARY = "libc++";
				CLANG_ENABLE_MODULES = YES;
				CLANG_ENABLE_OBJC_ARC = YES;
				CLANG_WARN_BOOL_CONVERSION = YES;
				CLANG_WARN_CONSTANT_CONVERSION = YES;
				CLANG_WARN_DIRECT_OBJC_ISA_USAGE = YES_ERROR;
				CLANG_WARN_EMPTY_BODY = YES;
				CLANG_WARN_ENUM_CONVERSION = YES;
				CLANG_WARN_INT_CONVERSION = YES;
				CLANG_WARN_OBJC_ROOT_CLASS = YES_ERROR;
				CLANG_WARN_UNREACHABLE_CODE = YES;
				CLANG_WARN__DUPLICATE_METHOD_MATCH = YES;
				"CODE_SIGN_IDENTITY[sdk=iphoneos*]" = "iPhone Developer";
				COPY_PHASE_STRIP = NO;
				ENABLE_STRICT_OBJC_MSGSEND = YES;
				GCC_C_LANGUAGE_STANDARD = gnu99;
				GCC_DYNAMIC_NO_PIC = NO;
				GCC_OPTIMIZATION_LEVEL = 0;
				GCC_PREPROCESSOR_DEFINITIONS = (
					"DEBUG=1",
					"$(inherited)",
				);
				GCC_SYMBOLS_PRIVATE_EXTERN = NO;
				GCC_WARN_64_TO_32_BIT_CONVERSION = YES;
				GCC_WARN_ABOUT_RETURN_TYPE = YES_ERROR;
				GCC_WARN_UNDECLARED_SELECTOR = YES;
				GCC_WARN_UNINITIALIZED_AUTOS = YES_AGGRESSIVE;
				GCC_WARN_UNUSED_FUNCTION = YES;
				GCC_WARN_UNUSED_VARIABLE = YES;
				IPHONEOS_DEPLOYMENT_TARGET = 8.1;
				MTL_ENABLE_DEBUG_INFO = YES;
				ONLY_ACTIVE_ARCH = YES;
				SDKROOT = iphoneos;
				SWIFT_OPTIMIZATION_LEVEL = "-Onone";
			};
			name = Debug;
		};
		68683FEB1A1EFCD5007C11EA /* Release */ = {
			isa = XCBuildConfiguration;
			buildSettings = {
				ALWAYS_SEARCH_USER_PATHS = NO;
				CLANG_CXX_LANGUAGE_STANDARD = "gnu++0x";
				CLANG_CXX_LIBRARY = "libc++";
				CLANG_ENABLE_MODULES = YES;
				CLANG_ENABLE_OBJC_ARC = YES;
				CLANG_WARN_BOOL_CONVERSION = YES;
				CLANG_WARN_CONSTANT_CONVERSION = YES;
				CLANG_WARN_DIRECT_OBJC_ISA_USAGE = YES_ERROR;
				CLANG_WARN_EMPTY_BODY = YES;
				CLANG_WARN_ENUM_CONVERSION = YES;
				CLANG_WARN_INT_CONVERSION = YES;
				CLANG_WARN_OBJC_ROOT_CLASS = YES_ERROR;
				CLANG_WARN_UNREACHABLE_CODE = YES;
				CLANG_WARN__DUPLICATE_METHOD_MATCH = YES;
				"CODE_SIGN_IDENTITY[sdk=iphoneos*]" = "iPhone Developer";
				COPY_PHASE_STRIP = YES;
				ENABLE_NS_ASSERTIONS = NO;
				ENABLE_STRICT_OBJC_MSGSEND = YES;
				GCC_C_LANGUAGE_STANDARD = gnu99;
				GCC_WARN_64_TO_32_BIT_CONVERSION = YES;
				GCC_WARN_ABOUT_RETURN_TYPE = YES_ERROR;
				GCC_WARN_UNDECLARED_SELECTOR = YES;
				GCC_WARN_UNINITIALIZED_AUTOS = YES_AGGRESSIVE;
				GCC_WARN_UNUSED_FUNCTION = YES;
				GCC_WARN_UNUSED_VARIABLE = YES;
				IPHONEOS_DEPLOYMENT_TARGET = 8.1;
				MTL_ENABLE_DEBUG_INFO = NO;
				SDKROOT = iphoneos;
				VALIDATE_PRODUCT = YES;
			};
			name = Release;
		};
		68683FED1A1EFCD5007C11EA /* Debug */ = {
			isa = XCBuildConfiguration;
			buildSettings = {
				ASSETCATALOG_COMPILER_APPICON_NAME = AppIcon;
				CODE_SIGN_ENTITLEMENTS = ToDo/ToDo.entitlements;
				CODE_SIGN_IDENTITY = "iPhone Developer";
				"CODE_SIGN_IDENTITY[sdk=iphoneos*]" = "iPhone Developer";
				INFOPLIST_FILE = ToDo/Info.plist;
				LD_RUNPATH_SEARCH_PATHS = "$(inherited) @executable_path/Frameworks";
				PRODUCT_NAME = "$(TARGET_NAME)";
				PROVISIONING_PROFILE = "";
			};
			name = Debug;
		};
		68683FEE1A1EFCD5007C11EA /* Release */ = {
			isa = XCBuildConfiguration;
			buildSettings = {
				ASSETCATALOG_COMPILER_APPICON_NAME = AppIcon;
				CODE_SIGN_ENTITLEMENTS = ToDo/ToDo.entitlements;
				CODE_SIGN_IDENTITY = "iPhone Developer";
				"CODE_SIGN_IDENTITY[sdk=iphoneos*]" = "iPhone Developer";
				INFOPLIST_FILE = ToDo/Info.plist;
				LD_RUNPATH_SEARCH_PATHS = "$(inherited) @executable_path/Frameworks";
				PRODUCT_NAME = "$(TARGET_NAME)";
				PROVISIONING_PROFILE = "";
			};
			name = Release;
		};
		68683FF01A1EFCD5007C11EA /* Debug */ = {
			isa = XCBuildConfiguration;
			buildSettings = {
				BUNDLE_LOADER = "$(TEST_HOST)";
				FRAMEWORK_SEARCH_PATHS = (
					"$(SDKROOT)/Developer/Library/Frameworks",
					"$(inherited)",
				);
				GCC_PREPROCESSOR_DEFINITIONS = (
					"DEBUG=1",
					"$(inherited)",
				);
				INFOPLIST_FILE = ToDoTests/Info.plist;
				LD_RUNPATH_SEARCH_PATHS = "$(inherited) @executable_path/Frameworks @loader_path/Frameworks";
				PRODUCT_NAME = "$(TARGET_NAME)";
				TEST_HOST = "$(BUILT_PRODUCTS_DIR)/ToDo.app/ToDo";
			};
			name = Debug;
		};
		68683FF11A1EFCD5007C11EA /* Release */ = {
			isa = XCBuildConfiguration;
			buildSettings = {
				BUNDLE_LOADER = "$(TEST_HOST)";
				FRAMEWORK_SEARCH_PATHS = (
					"$(SDKROOT)/Developer/Library/Frameworks",
					"$(inherited)",
				);
				INFOPLIST_FILE = ToDoTests/Info.plist;
				LD_RUNPATH_SEARCH_PATHS = "$(inherited) @executable_path/Frameworks @loader_path/Frameworks";
				PRODUCT_NAME = "$(TARGET_NAME)";
				TEST_HOST = "$(BUILT_PRODUCTS_DIR)/ToDo.app/ToDo";
			};
			name = Release;
		};
/* End XCBuildConfiguration section */

/* Begin XCConfigurationList section */
		68683FC81A1EFCD4007C11EA /* Build configuration list for PBXProject "ToDo" */ = {
			isa = XCConfigurationList;
			buildConfigurations = (
				68683FEA1A1EFCD5007C11EA /* Debug */,
				68683FEB1A1EFCD5007C11EA /* Release */,
			);
			defaultConfigurationIsVisible = 0;
			defaultConfigurationName = Release;
		};
		68683FEC1A1EFCD5007C11EA /* Build configuration list for PBXNativeTarget "ToDo" */ = {
			isa = XCConfigurationList;
			buildConfigurations = (
				68683FED1A1EFCD5007C11EA /* Debug */,
				68683FEE1A1EFCD5007C11EA /* Release */,
			);
			defaultConfigurationIsVisible = 0;
			defaultConfigurationName = Release;
		};
		68683FEF1A1EFCD5007C11EA /* Build configuration list for PBXNativeTarget "ToDoTests" */ = {
			isa = XCConfigurationList;
			buildConfigurations = (
				68683FF01A1EFCD5007C11EA /* Debug */,
				68683FF11A1EFCD5007C11EA /* Release */,
			);
			defaultConfigurationIsVisible = 0;
			defaultConfigurationName = Release;
		};
/* End XCConfigurationList section */
	};
	rootObject = 68683FC51A1EFCD4007C11EA /* Project object */;
}
