// !$*UTF8*$!
{
	archiveVersion = 1;
	classes = {
	};
	objectVersion = 46;
	objects = {

/* Begin PBXBuildFile section */
		68D20C5A1A1D53DB008DC204 /* AppDelegate.swift in Sources */ = {isa = PBXBuildFile; fileRef = 68D20C591A1D53DB008DC204 /* AppDelegate.swift */; };
		68D20C5C1A1D53DB008DC204 /* ViewController.swift in Sources */ = {isa = PBXBuildFile; fileRef = 68D20C5B1A1D53DB008DC204 /* ViewController.swift */; };
		68D20C5F1A1D53DB008DC204 /* Main.storyboard in Resources */ = {isa = PBXBuildFile; fileRef = 68D20C5D1A1D53DB008DC204 /* Main.storyboard */; };
		68D20C611A1D53DB008DC204 /* Images.xcassets in Resources */ = {isa = PBXBuildFile; fileRef = 68D20C601A1D53DB008DC204 /* Images.xcassets */; };
		68D20C641A1D53DB008DC204 /* LaunchScreen.xib in Resources */ = {isa = PBXBuildFile; fileRef = 68D20C621A1D53DB008DC204 /* LaunchScreen.xib */; };
		68D20C701A1D53DB008DC204 /* ScrollViewsTests.swift in Sources */ = {isa = PBXBuildFile; fileRef = 68D20C6F1A1D53DB008DC204 /* ScrollViewsTests.swift */; };
/* End PBXBuildFile section */

/* Begin PBXContainerItemProxy section */
		68D20C6A1A1D53DB008DC204 /* PBXContainerItemProxy */ = {
			isa = PBXContainerItemProxy;
			containerPortal = 68D20C4C1A1D53DB008DC204 /* Project object */;
			proxyType = 1;
			remoteGlobalIDString = 68D20C531A1D53DB008DC204;
			remoteInfo = ScrollViews;
		};
/* End PBXContainerItemProxy section */

/* Begin PBXFileReference section */
		68D20C541A1D53DB008DC204 /* ScrollViews.app */ = {isa = PBXFileReference; explicitFileType = wrapper.application; includeInIndex = 0; path = ScrollViews.app; sourceTree = BUILT_PRODUCTS_DIR; };
		68D20C581A1D53DB008DC204 /* Info.plist */ = {isa = PBXFileReference; lastKnownFileType = text.plist.xml; path = Info.plist; sourceTree = "<group>"; };
		68D20C591A1D53DB008DC204 /* AppDelegate.swift */ = {isa = PBXFileReference; lastKnownFileType = sourcecode.swift; path = AppDelegate.swift; sourceTree = "<group>"; };
		68D20C5B1A1D53DB008DC204 /* ViewController.swift */ = {isa = PBXFileReference; lastKnownFileType = sourcecode.swift; path = ViewController.swift; sourceTree = "<group>"; };
		68D20C5E1A1D53DB008DC204 /* Base */ = {isa = PBXFileReference; lastKnownFileType = file.storyboard; name = Base; path = Base.lproj/Main.storyboard; sourceTree = "<group>"; };
		68D20C601A1D53DB008DC204 /* Images.xcassets */ = {isa = PBXFileReference; lastKnownFileType = folder.assetcatalog; path = Images.xcassets; sourceTree = "<group>"; };
		68D20C631A1D53DB008DC204 /* Base */ = {isa = PBXFileReference; lastKnownFileType = file.xib; name = Base; path = Base.lproj/LaunchScreen.xib; sourceTree = "<group>"; };
		68D20C691A1D53DB008DC204 /* ScrollViewsTests.xctest */ = {isa = PBXFileReference; explicitFileType = wrapper.cfbundle; includeInIndex = 0; path = ScrollViewsTests.xctest; sourceTree = BUILT_PRODUCTS_DIR; };
		68D20C6E1A1D53DB008DC204 /* Info.plist */ = {isa = PBXFileReference; lastKnownFileType = text.plist.xml; path = Info.plist; sourceTree = "<group>"; };
		68D20C6F1A1D53DB008DC204 /* ScrollViewsTests.swift */ = {isa = PBXFileReference; lastKnownFileType = sourcecode.swift; path = ScrollViewsTests.swift; sourceTree = "<group>"; };
/* End PBXFileReference section */

/* Begin PBXFrameworksBuildPhase section */
		68D20C511A1D53DB008DC204 /* Frameworks */ = {
			isa = PBXFrameworksBuildPhase;
			buildActionMask = 2147483647;
			files = (
			);
			runOnlyForDeploymentPostprocessing = 0;
		};
		68D20C661A1D53DB008DC204 /* Frameworks */ = {
			isa = PBXFrameworksBuildPhase;
			buildActionMask = 2147483647;
			files = (
			);
			runOnlyForDeploymentPostprocessing = 0;
		};
/* End PBXFrameworksBuildPhase section */

/* Begin PBXGroup section */
		68D20C4B1A1D53DB008DC204 = {
			isa = PBXGroup;
			children = (
				68D20C561A1D53DB008DC204 /* ScrollViews */,
				68D20C6C1A1D53DB008DC204 /* ScrollViewsTests */,
				68D20C551A1D53DB008DC204 /* Products */,
			);
			sourceTree = "<group>";
		};
		68D20C551A1D53DB008DC204 /* Products */ = {
			isa = PBXGroup;
			children = (
				68D20C541A1D53DB008DC204 /* ScrollViews.app */,
				68D20C691A1D53DB008DC204 /* ScrollViewsTests.xctest */,
			);
			name = Products;
			sourceTree = "<group>";
		};
		68D20C561A1D53DB008DC204 /* ScrollViews */ = {
			isa = PBXGroup;
			children = (
				68D20C591A1D53DB008DC204 /* AppDelegate.swift */,
				68D20C5B1A1D53DB008DC204 /* ViewController.swift */,
				68D20C5D1A1D53DB008DC204 /* Main.storyboard */,
				68D20C601A1D53DB008DC204 /* Images.xcassets */,
				68D20C621A1D53DB008DC204 /* LaunchScreen.xib */,
				68D20C571A1D53DB008DC204 /* Supporting Files */,
			);
			path = ScrollViews;
			sourceTree = "<group>";
		};
		68D20C571A1D53DB008DC204 /* Supporting Files */ = {
			isa = PBXGroup;
			children = (
				68D20C581A1D53DB008DC204 /* Info.plist */,
			);
			name = "Supporting Files";
			sourceTree = "<group>";
		};
		68D20C6C1A1D53DB008DC204 /* ScrollViewsTests */ = {
			isa = PBXGroup;
			children = (
				68D20C6F1A1D53DB008DC204 /* ScrollViewsTests.swift */,
				68D20C6D1A1D53DB008DC204 /* Supporting Files */,
			);
			path = ScrollViewsTests;
			sourceTree = "<group>";
		};
		68D20C6D1A1D53DB008DC204 /* Supporting Files */ = {
			isa = PBXGroup;
			children = (
				68D20C6E1A1D53DB008DC204 /* Info.plist */,
			);
			name = "Supporting Files";
			sourceTree = "<group>";
		};
/* End PBXGroup section */

/* Begin PBXNativeTarget section */
		68D20C531A1D53DB008DC204 /* ScrollViews */ = {
			isa = PBXNativeTarget;
			buildConfigurationList = 68D20C731A1D53DB008DC204 /* Build configuration list for PBXNativeTarget "ScrollViews" */;
			buildPhases = (
				68D20C501A1D53DB008DC204 /* Sources */,
				68D20C511A1D53DB008DC204 /* Frameworks */,
				68D20C521A1D53DB008DC204 /* Resources */,
			);
			buildRules = (
			);
			dependencies = (
			);
			name = ScrollViews;
			productName = ScrollViews;
			productReference = 68D20C541A1D53DB008DC204 /* ScrollViews.app */;
			productType = "com.apple.product-type.application";
		};
		68D20C681A1D53DB008DC204 /* ScrollViewsTests */ = {
			isa = PBXNativeTarget;
			buildConfigurationList = 68D20C761A1D53DB008DC204 /* Build configuration list for PBXNativeTarget "ScrollViewsTests" */;
			buildPhases = (
				68D20C651A1D53DB008DC204 /* Sources */,
				68D20C661A1D53DB008DC204 /* Frameworks */,
				68D20C671A1D53DB008DC204 /* Resources */,
			);
			buildRules = (
			);
			dependencies = (
				68D20C6B1A1D53DB008DC204 /* PBXTargetDependency */,
			);
			name = ScrollViewsTests;
			productName = ScrollViewsTests;
			productReference = 68D20C691A1D53DB008DC204 /* ScrollViewsTests.xctest */;
			productType = "com.apple.product-type.bundle.unit-test";
		};
/* End PBXNativeTarget section */

/* Begin PBXProject section */
		68D20C4C1A1D53DB008DC204 /* Project object */ = {
			isa = PBXProject;
			attributes = {
				LastUpgradeCheck = 0610;
				ORGANIZATIONNAME = "Secret Lab";
				TargetAttributes = {
					68D20C531A1D53DB008DC204 = {
						CreatedOnToolsVersion = 6.1;
					};
					68D20C681A1D53DB008DC204 = {
						CreatedOnToolsVersion = 6.1;
						TestTargetID = 68D20C531A1D53DB008DC204;
					};
				};
			};
			buildConfigurationList = 68D20C4F1A1D53DB008DC204 /* Build configuration list for PBXProject "ScrollViews" */;
			compatibilityVersion = "Xcode 3.2";
			developmentRegion = English;
			hasScannedForEncodings = 0;
			knownRegions = (
				en,
				Base,
			);
			mainGroup = 68D20C4B1A1D53DB008DC204;
			productRefGroup = 68D20C551A1D53DB008DC204 /* Products */;
			projectDirPath = "";
			projectRoot = "";
			targets = (
				68D20C531A1D53DB008DC204 /* ScrollViews */,
				68D20C681A1D53DB008DC204 /* ScrollViewsTests */,
			);
		};
/* End PBXProject section */

/* Begin PBXResourcesBuildPhase section */
		68D20C521A1D53DB008DC204 /* Resources */ = {
			isa = PBXResourcesBuildPhase;
			buildActionMask = 2147483647;
			files = (
				68D20C5F1A1D53DB008DC204 /* Main.storyboard in Resources */,
				68D20C641A1D53DB008DC204 /* LaunchScreen.xib in Resources */,
				68D20C611A1D53DB008DC204 /* Images.xcassets in Resources */,
			);
			runOnlyForDeploymentPostprocessing = 0;
		};
		68D20C671A1D53DB008DC204 /* Resources */ = {
			isa = PBXResourcesBuildPhase;
			buildActionMask = 2147483647;
			files = (
			);
			runOnlyForDeploymentPostprocessing = 0;
		};
/* End PBXResourcesBuildPhase section */

/* Begin PBXSourcesBuildPhase section */
		68D20C501A1D53DB008DC204 /* Sources */ = {
			isa = PBXSourcesBuildPhase;
			buildActionMask = 2147483647;
			files = (
				68D20C5C1A1D53DB008DC204 /* ViewController.swift in Sources */,
				68D20C5A1A1D53DB008DC204 /* AppDelegate.swift in Sources */,
			);
			runOnlyForDeploymentPostprocessing = 0;
		};
		68D20C651A1D53DB008DC204 /* Sources */ = {
			isa = PBXSourcesBuildPhase;
			buildActionMask = 2147483647;
			files = (
				68D20C701A1D53DB008DC204 /* ScrollViewsTests.swift in Sources */,
			);
			runOnlyForDeploymentPostprocessing = 0;
		};
/* End PBXSourcesBuildPhase section */

/* Begin PBXTargetDependency section */
		68D20C6B1A1D53DB008DC204 /* PBXTargetDependency */ = {
			isa = PBXTargetDependency;
			target = 68D20C531A1D53DB008DC204 /* ScrollViews */;
			targetProxy = 68D20C6A1A1D53DB008DC204 /* PBXContainerItemProxy */;
		};
/* End PBXTargetDependency section */

/* Begin PBXVariantGroup section */
		68D20C5D1A1D53DB008DC204 /* Main.storyboard */ = {
			isa = PBXVariantGroup;
			children = (
				68D20C5E1A1D53DB008DC204 /* Base */,
			);
			name = Main.storyboard;
			sourceTree = "<group>";
		};
		68D20C621A1D53DB008DC204 /* LaunchScreen.xib */ = {
			isa = PBXVariantGroup;
			children = (
				68D20C631A1D53DB008DC204 /* Base */,
			);
			name = LaunchScreen.xib;
			sourceTree = "<group>";
		};
/* End PBXVariantGroup section */

/* Begin XCBuildConfiguration section */
		68D20C711A1D53DB008DC204 /* Debug */ = {
			isa = XCBuildConfiguration;
			buildSettings = {
				ALWAYS_SEARCH_USER_PATHS = NO;
				CLANG_CXX_LANGUAGE_STANDARD = "gnu++0x";
				CLANG_CXX_LIBRARY = "libc++";
				CLANG_ENABLE_MODULES = YES;
				CLANG_ENABLE_OBJC_ARC = YES;
				CLANG_WARN_BOOL_CONVERSION = YES;
				CLANG_WARN_CONSTANT_CONVERSION = YES;
				CLANG_WARN_DIRECT_OBJC_ISA_USAGE = YES_ERROR;
				CLANG_WARN_EMPTY_BODY = YES;
				CLANG_WARN_ENUM_CONVERSION = YES;
				CLANG_WARN_INT_CONVERSION = YES;
				CLANG_WARN_OBJC_ROOT_CLASS = YES_ERROR;
				CLANG_WARN_UNREACHABLE_CODE = YES;
				CLANG_WARN__DUPLICATE_METHOD_MATCH = YES;
				"CODE_SIGN_IDENTITY[sdk=iphoneos*]" = "iPhone Developer";
				COPY_PHASE_STRIP = NO;
				ENABLE_STRICT_OBJC_MSGSEND = YES;
				GCC_C_LANGUAGE_STANDARD = gnu99;
				GCC_DYNAMIC_NO_PIC = NO;
				GCC_OPTIMIZATION_LEVEL = 0;
				GCC_PREPROCESSOR_DEFINITIONS = (
					"DEBUG=1",
					"$(inherited)",
				);
				GCC_SYMBOLS_PRIVATE_EXTERN = NO;
				GCC_WARN_64_TO_32_BIT_CONVERSION = YES;
				GCC_WARN_ABOUT_RETURN_TYPE = YES_ERROR;
				GCC_WARN_UNDECLARED_SELECTOR = YES;
				GCC_WARN_UNINITIALIZED_AUTOS = YES_AGGRESSIVE;
				GCC_WARN_UNUSED_FUNCTION = YES;
				GCC_WARN_UNUSED_VARIABLE = YES;
				IPHONEOS_DEPLOYMENT_TARGET = 8.1;
				MTL_ENABLE_DEBUG_INFO = YES;
				ONLY_ACTIVE_ARCH = YES;
				SDKROOT = iphoneos;
				SWIFT_OPTIMIZATION_LEVEL = "-Onone";
			};
			name = Debug;
		};
		68D20C721A1D53DB008DC204 /* Release */ = {
			isa = XCBuildConfiguration;
			buildSettings = {
				ALWAYS_SEARCH_USER_PATHS = NO;
				CLANG_CXX_LANGUAGE_STANDARD = "gnu++0x";
				CLANG_CXX_LIBRARY = "libc++";
				CLANG_ENABLE_MODULES = YES;
				CLANG_ENABLE_OBJC_ARC = YES;
				CLANG_WARN_BOOL_CONVERSION = YES;
				CLANG_WARN_CONSTANT_CONVERSION = YES;
				CLANG_WARN_DIRECT_OBJC_ISA_USAGE = YES_ERROR;
				CLANG_WARN_EMPTY_BODY = YES;
				CLANG_WARN_ENUM_CONVERSION = YES;
				CLANG_WARN_INT_CONVERSION = YES;
				CLANG_WARN_OBJC_ROOT_CLASS = YES_ERROR;
				CLANG_WARN_UNREACHABLE_CODE = YES;
				CLANG_WARN__DUPLICATE_METHOD_MATCH = YES;
				"CODE_SIGN_IDENTITY[sdk=iphoneos*]" = "iPhone Developer";
				COPY_PHASE_STRIP = YES;
				ENABLE_NS_ASSERTIONS = NO;
				ENABLE_STRICT_OBJC_MSGSEND = YES;
				GCC_C_LANGUAGE_STANDARD = gnu99;
				GCC_WARN_64_TO_32_BIT_CONVERSION = YES;
				GCC_WARN_ABOUT_RETURN_TYPE = YES_ERROR;
				GCC_WARN_UNDECLARED_SELECTOR = YES;
				GCC_WARN_UNINITIALIZED_AUTOS = YES_AGGRESSIVE;
				GCC_WARN_UNUSED_FUNCTION = YES;
				GCC_WARN_UNUSED_VARIABLE = YES;
				IPHONEOS_DEPLOYMENT_TARGET = 8.1;
				MTL_ENABLE_DEBUG_INFO = NO;
				SDKROOT = iphoneos;
				VALIDATE_PRODUCT = YES;
			};
			name = Release;
		};
		68D20C741A1D53DB008DC204 /* Debug */ = {
			isa = XCBuildConfiguration;
			buildSettings = {
				ASSETCATALOG_COMPILER_APPICON_NAME = AppIcon;
				INFOPLIST_FILE = ScrollViews/Info.plist;
				LD_RUNPATH_SEARCH_PATHS = "$(inherited) @executable_path/Frameworks";
				PRODUCT_NAME = "$(TARGET_NAME)";
			};
			name = Debug;
		};
		68D20C751A1D53DB008DC204 /* Release */ = {
			isa = XCBuildConfiguration;
			buildSettings = {
				ASSETCATALOG_COMPILER_APPICON_NAME = AppIcon;
				INFOPLIST_FILE = ScrollViews/Info.plist;
				LD_RUNPATH_SEARCH_PATHS = "$(inherited) @executable_path/Frameworks";
				PRODUCT_NAME = "$(TARGET_NAME)";
			};
			name = Release;
		};
		68D20C771A1D53DB008DC204 /* Debug */ = {
			isa = XCBuildConfiguration;
			buildSettings = {
				BUNDLE_LOADER = "$(TEST_HOST)";
				FRAMEWORK_SEARCH_PATHS = (
					"$(SDKROOT)/Developer/Library/Frameworks",
					"$(inherited)",
				);
				GCC_PREPROCESSOR_DEFINITIONS = (
					"DEBUG=1",
					"$(inherited)",
				);
				INFOPLIST_FILE = ScrollViewsTests/Info.plist;
				LD_RUNPATH_SEARCH_PATHS = "$(inherited) @executable_path/Frameworks @loader_path/Frameworks";
				PRODUCT_NAME = "$(TARGET_NAME)";
				TEST_HOST = "$(BUILT_PRODUCTS_DIR)/ScrollViews.app/ScrollViews";
			};
			name = Debug;
		};
		68D20C781A1D53DB008DC204 /* Release */ = {
			isa = XCBuildConfiguration;
			buildSettings = {
				BUNDLE_LOADER = "$(TEST_HOST)";
				FRAMEWORK_SEARCH_PATHS = (
					"$(SDKROOT)/Developer/Library/Frameworks",
					"$(inherited)",
				);
				INFOPLIST_FILE = ScrollViewsTests/Info.plist;
				LD_RUNPATH_SEARCH_PATHS = "$(inherited) @executable_path/Frameworks @loader_path/Frameworks";
				PRODUCT_NAME = "$(TARGET_NAME)";
				TEST_HOST = "$(BUILT_PRODUCTS_DIR)/ScrollViews.app/ScrollViews";
			};
			name = Release;
		};
/* End XCBuildConfiguration section */

/* Begin XCConfigurationList section */
		68D20C4F1A1D53DB008DC204 /* Build configuration list for PBXProject "ScrollViews" */ = {
			isa = XCConfigurationList;
			buildConfigurations = (
				68D20C711A1D53DB008DC204 /* Debug */,
				68D20C721A1D53DB008DC204 /* Release */,
			);
			defaultConfigurationIsVisible = 0;
			defaultConfigurationName = Release;
		};
		68D20C731A1D53DB008DC204 /* Build configuration list for PBXNativeTarget "ScrollViews" */ = {
			isa = XCConfigurationList;
			buildConfigurations = (
				68D20C741A1D53DB008DC204 /* Debug */,
				68D20C751A1D53DB008DC204 /* Release */,
			);
			defaultConfigurationIsVisible = 0;
		};
		68D20C761A1D53DB008DC204 /* Build configuration list for PBXNativeTarget "ScrollViewsTests" */ = {
			isa = XCConfigurationList;
			buildConfigurations = (
				68D20C771A1D53DB008DC204 /* Debug */,
				68D20C781A1D53DB008DC204 /* Release */,
			);
			defaultConfigurationIsVisible = 0;
		};
/* End XCConfigurationList section */
	};
	rootObject = 68D20C4C1A1D53DB008DC204 /* Project object */;
}
