// !$*UTF8*$!
{
	archiveVersion = 1;
	classes = {
	};
	objectVersion = 46;
	objects = {

/* Begin PBXBuildFile section */
		68D20BFD1A1B240A008DC204 /* AppDelegate.swift in Sources */ = {isa = PBXBuildFile; fileRef = 68D20BFC1A1B240A008DC204 /* AppDelegate.swift */; };
		68D20BFF1A1B240A008DC204 /* ViewController.swift in Sources */ = {isa = PBXBuildFile; fileRef = 68D20BFE1A1B240A008DC204 /* ViewController.swift */; };
		68D20C021A1B240A008DC204 /* Main.storyboard in Resources */ = {isa = PBXBuildFile; fileRef = 68D20C001A1B240A008DC204 /* Main.storyboard */; };
		68D20C041A1B240A008DC204 /* Images.xcassets in Resources */ = {isa = PBXBuildFile; fileRef = 68D20C031A1B240A008DC204 /* Images.xcassets */; };
		68D20C071A1B240A008DC204 /* LaunchScreen.xib in Resources */ = {isa = PBXBuildFile; fileRef = 68D20C051A1B240A008DC204 /* LaunchScreen.xib */; };
		68D20C131A1B240A008DC204 /* TableViews_iOSTests.swift in Sources */ = {isa = PBXBuildFile; fileRef = 68D20C121A1B240A008DC204 /* TableViews_iOSTests.swift */; };
/* End PBXBuildFile section */

/* Begin PBXContainerItemProxy section */
		68D20C0D1A1B240A008DC204 /* PBXContainerItemProxy */ = {
			isa = PBXContainerItemProxy;
			containerPortal = 68D20BEF1A1B240A008DC204 /* Project object */;
			proxyType = 1;
			remoteGlobalIDString = 68D20BF61A1B240A008DC204;
			remoteInfo = "TableViews-iOS";
		};
/* End PBXContainerItemProxy section */

/* Begin PBXFileReference section */
		68D20BF71A1B240A008DC204 /* TableViews-iOS.app */ = {isa = PBXFileReference; explicitFileType = wrapper.application; includeInIndex = 0; path = "TableViews-iOS.app"; sourceTree = BUILT_PRODUCTS_DIR; };
		68D20BFB1A1B240A008DC204 /* Info.plist */ = {isa = PBXFileReference; lastKnownFileType = text.plist.xml; path = Info.plist; sourceTree = "<group>"; };
		68D20BFC1A1B240A008DC204 /* AppDelegate.swift */ = {isa = PBXFileReference; lastKnownFileType = sourcecode.swift; path = AppDelegate.swift; sourceTree = "<group>"; };
		68D20BFE1A1B240A008DC204 /* ViewController.swift */ = {isa = PBXFileReference; lastKnownFileType = sourcecode.swift; path = ViewController.swift; sourceTree = "<group>"; };
		68D20C011A1B240A008DC204 /* Base */ = {isa = PBXFileReference; lastKnownFileType = file.storyboard; name = Base; path = Base.lproj/Main.storyboard; sourceTree = "<group>"; };
		68D20C031A1B240A008DC204 /* Images.xcassets */ = {isa = PBXFileReference; lastKnownFileType = folder.assetcatalog; path = Images.xcassets; sourceTree = "<group>"; };
		68D20C061A1B240A008DC204 /* Base */ = {isa = PBXFileReference; lastKnownFileType = file.xib; name = Base; path = Base.lproj/LaunchScreen.xib; sourceTree = "<group>"; };
		68D20C0C1A1B240A008DC204 /* TableViews-iOSTests.xctest */ = {isa = PBXFileReference; explicitFileType = wrapper.cfbundle; includeInIndex = 0; path = "TableViews-iOSTests.xctest"; sourceTree = BUILT_PRODUCTS_DIR; };
		68D20C111A1B240A008DC204 /* Info.plist */ = {isa = PBXFileReference; lastKnownFileType = text.plist.xml; path = Info.plist; sourceTree = "<group>"; };
		68D20C121A1B240A008DC204 /* TableViews_iOSTests.swift */ = {isa = PBXFileReference; lastKnownFileType = sourcecode.swift; path = TableViews_iOSTests.swift; sourceTree = "<group>"; };
/* End PBXFileReference section */

/* Begin PBXFrameworksBuildPhase section */
		68D20BF41A1B240A008DC204 /* Frameworks */ = {
			isa = PBXFrameworksBuildPhase;
			buildActionMask = 2147483647;
			files = (
			);
			runOnlyForDeploymentPostprocessing = 0;
		};
		68D20C091A1B240A008DC204 /* Frameworks */ = {
			isa = PBXFrameworksBuildPhase;
			buildActionMask = 2147483647;
			files = (
			);
			runOnlyForDeploymentPostprocessing = 0;
		};
/* End PBXFrameworksBuildPhase section */

/* Begin PBXGroup section */
		68D20BEE1A1B240A008DC204 = {
			isa = PBXGroup;
			children = (
				68D20BF91A1B240A008DC204 /* TableViews-iOS */,
				68D20C0F1A1B240A008DC204 /* TableViews-iOSTests */,
				68D20BF81A1B240A008DC204 /* Products */,
			);
			sourceTree = "<group>";
		};
		68D20BF81A1B240A008DC204 /* Products */ = {
			isa = PBXGroup;
			children = (
				68D20BF71A1B240A008DC204 /* TableViews-iOS.app */,
				68D20C0C1A1B240A008DC204 /* TableViews-iOSTests.xctest */,
			);
			name = Products;
			sourceTree = "<group>";
		};
		68D20BF91A1B240A008DC204 /* TableViews-iOS */ = {
			isa = PBXGroup;
			children = (
				68D20BFC1A1B240A008DC204 /* AppDelegate.swift */,
				68D20BFE1A1B240A008DC204 /* ViewController.swift */,
				68D20C001A1B240A008DC204 /* Main.storyboard */,
				68D20C031A1B240A008DC204 /* Images.xcassets */,
				68D20C051A1B240A008DC204 /* LaunchScreen.xib */,
				68D20BFA1A1B240A008DC204 /* Supporting Files */,
			);
			path = "TableViews-iOS";
			sourceTree = "<group>";
		};
		68D20BFA1A1B240A008DC204 /* Supporting Files */ = {
			isa = PBXGroup;
			children = (
				68D20BFB1A1B240A008DC204 /* Info.plist */,
			);
			name = "Supporting Files";
			sourceTree = "<group>";
		};
		68D20C0F1A1B240A008DC204 /* TableViews-iOSTests */ = {
			isa = PBXGroup;
			children = (
				68D20C121A1B240A008DC204 /* TableViews_iOSTests.swift */,
				68D20C101A1B240A008DC204 /* Supporting Files */,
			);
			path = "TableViews-iOSTests";
			sourceTree = "<group>";
		};
		68D20C101A1B240A008DC204 /* Supporting Files */ = {
			isa = PBXGroup;
			children = (
				68D20C111A1B240A008DC204 /* Info.plist */,
			);
			name = "Supporting Files";
			sourceTree = "<group>";
		};
/* End PBXGroup section */

/* Begin PBXNativeTarget section */
		68D20BF61A1B240A008DC204 /* TableViews-iOS */ = {
			isa = PBXNativeTarget;
			buildConfigurationList = 68D20C161A1B240A008DC204 /* Build configuration list for PBXNativeTarget "TableViews-iOS" */;
			buildPhases = (
				68D20BF31A1B240A008DC204 /* Sources */,
				68D20BF41A1B240A008DC204 /* Frameworks */,
				68D20BF51A1B240A008DC204 /* Resources */,
			);
			buildRules = (
			);
			dependencies = (
			);
			name = "TableViews-iOS";
			productName = "TableViews-iOS";
			productReference = 68D20BF71A1B240A008DC204 /* TableViews-iOS.app */;
			productType = "com.apple.product-type.application";
		};
		68D20C0B1A1B240A008DC204 /* TableViews-iOSTests */ = {
			isa = PBXNativeTarget;
			buildConfigurationList = 68D20C191A1B240A008DC204 /* Build configuration list for PBXNativeTarget "TableViews-iOSTests" */;
			buildPhases = (
				68D20C081A1B240A008DC204 /* Sources */,
				68D20C091A1B240A008DC204 /* Frameworks */,
				68D20C0A1A1B240A008DC204 /* Resources */,
			);
			buildRules = (
			);
			dependencies = (
				68D20C0E1A1B240A008DC204 /* PBXTargetDependency */,
			);
			name = "TableViews-iOSTests";
			productName = "TableViews-iOSTests";
			productReference = 68D20C0C1A1B240A008DC204 /* TableViews-iOSTests.xctest */;
			productType = "com.apple.product-type.bundle.unit-test";
		};
/* End PBXNativeTarget section */

/* Begin PBXProject section */
		68D20BEF1A1B240A008DC204 /* Project object */ = {
			isa = PBXProject;
			attributes = {
				LastUpgradeCheck = 0610;
				ORGANIZATIONNAME = "Secret Lab";
				TargetAttributes = {
					68D20BF61A1B240A008DC204 = {
						CreatedOnToolsVersion = 6.1;
					};
					68D20C0B1A1B240A008DC204 = {
						CreatedOnToolsVersion = 6.1;
						TestTargetID = 68D20BF61A1B240A008DC204;
					};
				};
			};
			buildConfigurationList = 68D20BF21A1B240A008DC204 /* Build configuration list for PBXProject "TableViews-iOS" */;
			compatibilityVersion = "Xcode 3.2";
			developmentRegion = English;
			hasScannedForEncodings = 0;
			knownRegions = (
				en,
				Base,
			);
			mainGroup = 68D20BEE1A1B240A008DC204;
			productRefGroup = 68D20BF81A1B240A008DC204 /* Products */;
			projectDirPath = "";
			projectRoot = "";
			targets = (
				68D20BF61A1B240A008DC204 /* TableViews-iOS */,
				68D20C0B1A1B240A008DC204 /* TableViews-iOSTests */,
			);
		};
/* End PBXProject section */

/* Begin PBXResourcesBuildPhase section */
		68D20BF51A1B240A008DC204 /* Resources */ = {
			isa = PBXResourcesBuildPhase;
			buildActionMask = 2147483647;
			files = (
				68D20C021A1B240A008DC204 /* Main.storyboard in Resources */,
				68D20C071A1B240A008DC204 /* LaunchScreen.xib in Resources */,
				68D20C041A1B240A008DC204 /* Images.xcassets in Resources */,
			);
			runOnlyForDeploymentPostprocessing = 0;
		};
		68D20C0A1A1B240A008DC204 /* Resources */ = {
			isa = PBXResourcesBuildPhase;
			buildActionMask = 2147483647;
			files = (
			);
			runOnlyForDeploymentPostprocessing = 0;
		};
/* End PBXResourcesBuildPhase section */

/* Begin PBXSourcesBuildPhase section */
		68D20BF31A1B240A008DC204 /* Sources */ = {
			isa = PBXSourcesBuildPhase;
			buildActionMask = 2147483647;
			files = (
				68D20BFF1A1B240A008DC204 /* ViewController.swift in Sources */,
				68D20BFD1A1B240A008DC204 /* AppDelegate.swift in Sources */,
			);
			runOnlyForDeploymentPostprocessing = 0;
		};
		68D20C081A1B240A008DC204 /* Sources */ = {
			isa = PBXSourcesBuildPhase;
			buildActionMask = 2147483647;
			files = (
				68D20C131A1B240A008DC204 /* TableViews_iOSTests.swift in Sources */,
			);
			runOnlyForDeploymentPostprocessing = 0;
		};
/* End PBXSourcesBuildPhase section */

/* Begin PBXTargetDependency section */
		68D20C0E1A1B240A008DC204 /* PBXTargetDependency */ = {
			isa = PBXTargetDependency;
			target = 68D20BF61A1B240A008DC204 /* TableViews-iOS */;
			targetProxy = 68D20C0D1A1B240A008DC204 /* PBXContainerItemProxy */;
		};
/* End PBXTargetDependency section */

/* Begin PBXVariantGroup section */
		68D20C001A1B240A008DC204 /* Main.storyboard */ = {
			isa = PBXVariantGroup;
			children = (
				68D20C011A1B240A008DC204 /* Base */,
			);
			name = Main.storyboard;
			sourceTree = "<group>";
		};
		68D20C051A1B240A008DC204 /* LaunchScreen.xib */ = {
			isa = PBXVariantGroup;
			children = (
				68D20C061A1B240A008DC204 /* Base */,
			);
			name = LaunchScreen.xib;
			sourceTree = "<group>";
		};
/* End PBXVariantGroup section */

/* Begin XCBuildConfiguration section */
		68D20C141A1B240A008DC204 /* Debug */ = {
			isa = XCBuildConfiguration;
			buildSettings = {
				ALWAYS_SEARCH_USER_PATHS = NO;
				CLANG_CXX_LANGUAGE_STANDARD = "gnu++0x";
				CLANG_CXX_LIBRARY = "libc++";
				CLANG_ENABLE_MODULES = YES;
				CLANG_ENABLE_OBJC_ARC = YES;
				CLANG_WARN_BOOL_CONVERSION = YES;
				CLANG_WARN_CONSTANT_CONVERSION = YES;
				CLANG_WARN_DIRECT_OBJC_ISA_USAGE = YES_ERROR;
				CLANG_WARN_EMPTY_BODY = YES;
				CLANG_WARN_ENUM_CONVERSION = YES;
				CLANG_WARN_INT_CONVERSION = YES;
				CLANG_WARN_OBJC_ROOT_CLASS = YES_ERROR;
				CLANG_WARN_UNREACHABLE_CODE = YES;
				CLANG_WARN__DUPLICATE_METHOD_MATCH = YES;
				"CODE_SIGN_IDENTITY[sdk=iphoneos*]" = "iPhone Developer";
				COPY_PHASE_STRIP = NO;
				ENABLE_STRICT_OBJC_MSGSEND = YES;
				GCC_C_LANGUAGE_STANDARD = gnu99;
				GCC_DYNAMIC_NO_PIC = NO;
				GCC_OPTIMIZATION_LEVEL = 0;
				GCC_PREPROCESSOR_DEFINITIONS = (
					"DEBUG=1",
					"$(inherited)",
				);
				GCC_SYMBOLS_PRIVATE_EXTERN = NO;
				GCC_WARN_64_TO_32_BIT_CONVERSION = YES;
				GCC_WARN_ABOUT_RETURN_TYPE = YES_ERROR;
				GCC_WARN_UNDECLARED_SELECTOR = YES;
				GCC_WARN_UNINITIALIZED_AUTOS = YES_AGGRESSIVE;
				GCC_WARN_UNUSED_FUNCTION = YES;
				GCC_WARN_UNUSED_VARIABLE = YES;
				IPHONEOS_DEPLOYMENT_TARGET = 8.1;
				MTL_ENABLE_DEBUG_INFO = YES;
				ONLY_ACTIVE_ARCH = YES;
				SDKROOT = iphoneos;
				SWIFT_OPTIMIZATION_LEVEL = "-Onone";
			};
			name = Debug;
		};
		68D20C151A1B240A008DC204 /* Release */ = {
			isa = XCBuildConfiguration;
			buildSettings = {
				ALWAYS_SEARCH_USER_PATHS = NO;
				CLANG_CXX_LANGUAGE_STANDARD = "gnu++0x";
				CLANG_CXX_LIBRARY = "libc++";
				CLANG_ENABLE_MODULES = YES;
				CLANG_ENABLE_OBJC_ARC = YES;
				CLANG_WARN_BOOL_CONVERSION = YES;
				CLANG_WARN_CONSTANT_CONVERSION = YES;
				CLANG_WARN_DIRECT_OBJC_ISA_USAGE = YES_ERROR;
				CLANG_WARN_EMPTY_BODY = YES;
				CLANG_WARN_ENUM_CONVERSION = YES;
				CLANG_WARN_INT_CONVERSION = YES;
				CLANG_WARN_OBJC_ROOT_CLASS = YES_ERROR;
				CLANG_WARN_UNREACHABLE_CODE = YES;
				CLANG_WARN__DUPLICATE_METHOD_MATCH = YES;
				"CODE_SIGN_IDENTITY[sdk=iphoneos*]" = "iPhone Developer";
				COPY_PHASE_STRIP = YES;
				ENABLE_NS_ASSERTIONS = NO;
				ENABLE_STRICT_OBJC_MSGSEND = YES;
				GCC_C_LANGUAGE_STANDARD = gnu99;
				GCC_WARN_64_TO_32_BIT_CONVERSION = YES;
				GCC_WARN_ABOUT_RETURN_TYPE = YES_ERROR;
				GCC_WARN_UNDECLARED_SELECTOR = YES;
				GCC_WARN_UNINITIALIZED_AUTOS = YES_AGGRESSIVE;
				GCC_WARN_UNUSED_FUNCTION = YES;
				GCC_WARN_UNUSED_VARIABLE = YES;
				IPHONEOS_DEPLOYMENT_TARGET = 8.1;
				MTL_ENABLE_DEBUG_INFO = NO;
				SDKROOT = iphoneos;
				VALIDATE_PRODUCT = YES;
			};
			name = Release;
		};
		68D20C171A1B240A008DC204 /* Debug */ = {
			isa = XCBuildConfiguration;
			buildSettings = {
				ASSETCATALOG_COMPILER_APPICON_NAME = AppIcon;
				INFOPLIST_FILE = "TableViews-iOS/Info.plist";
				LD_RUNPATH_SEARCH_PATHS = "$(inherited) @executable_path/Frameworks";
				PRODUCT_NAME = "$(TARGET_NAME)";
			};
			name = Debug;
		};
		68D20C181A1B240A008DC204 /* Release */ = {
			isa = XCBuildConfiguration;
			buildSettings = {
				ASSETCATALOG_COMPILER_APPICON_NAME = AppIcon;
				INFOPLIST_FILE = "TableViews-iOS/Info.plist";
				LD_RUNPATH_SEARCH_PATHS = "$(inherited) @executable_path/Frameworks";
				PRODUCT_NAME = "$(TARGET_NAME)";
			};
			name = Release;
		};
		68D20C1A1A1B240A008DC204 /* Debug */ = {
			isa = XCBuildConfiguration;
			buildSettings = {
				BUNDLE_LOADER = "$(TEST_HOST)";
				FRAMEWORK_SEARCH_PATHS = (
					"$(SDKROOT)/Developer/Library/Frameworks",
					"$(inherited)",
				);
				GCC_PREPROCESSOR_DEFINITIONS = (
					"DEBUG=1",
					"$(inherited)",
				);
				INFOPLIST_FILE = "TableViews-iOSTests/Info.plist";
				LD_RUNPATH_SEARCH_PATHS = "$(inherited) @executable_path/Frameworks @loader_path/Frameworks";
				PRODUCT_NAME = "$(TARGET_NAME)";
				TEST_HOST = "$(BUILT_PRODUCTS_DIR)/TableViews-iOS.app/TableViews-iOS";
			};
			name = Debug;
		};
		68D20C1B1A1B240A008DC204 /* Release */ = {
			isa = XCBuildConfiguration;
			buildSettings = {
				BUNDLE_LOADER = "$(TEST_HOST)";
				FRAMEWORK_SEARCH_PATHS = (
					"$(SDKROOT)/Developer/Library/Frameworks",
					"$(inherited)",
				);
				INFOPLIST_FILE = "TableViews-iOSTests/Info.plist";
				LD_RUNPATH_SEARCH_PATHS = "$(inherited) @executable_path/Frameworks @loader_path/Frameworks";
				PRODUCT_NAME = "$(TARGET_NAME)";
				TEST_HOST = "$(BUILT_PRODUCTS_DIR)/TableViews-iOS.app/TableViews-iOS";
			};
			name = Release;
		};
/* End XCBuildConfiguration section */

/* Begin XCConfigurationList section */
		68D20BF21A1B240A008DC204 /* Build configuration list for PBXProject "TableViews-iOS" */ = {
			isa = XCConfigurationList;
			buildConfigurations = (
				68D20C141A1B240A008DC204 /* Debug */,
				68D20C151A1B240A008DC204 /* Release */,
			);
			defaultConfigurationIsVisible = 0;
			defaultConfigurationName = Release;
		};
		68D20C161A1B240A008DC204 /* Build configuration list for PBXNativeTarget "TableViews-iOS" */ = {
			isa = XCConfigurationList;
			buildConfigurations = (
				68D20C171A1B240A008DC204 /* Debug */,
				68D20C181A1B240A008DC204 /* Release */,
			);
			defaultConfigurationIsVisible = 0;
		};
		68D20C191A1B240A008DC204 /* Build configuration list for PBXNativeTarget "TableViews-iOSTests" */ = {
			isa = XCConfigurationList;
			buildConfigurations = (
				68D20C1A1A1B240A008DC204 /* Debug */,
				68D20C1B1A1B240A008DC204 /* Release */,
			);
			defaultConfigurationIsVisible = 0;
		};
/* End XCConfigurationList section */
	};
	rootObject = 68D20BEF1A1B240A008DC204 /* Project object */;
}
