// !$*UTF8*$!
{
	archiveVersion = 1;
	classes = {
	};
	objectVersion = 46;
	objects = {

/* Begin PBXBuildFile section */
		68AE11EC1A1D64C800538133 /* PopoverViewController.swift in Sources */ = {isa = PBXBuildFile; fileRef = 68AE11EB1A1D64C800538133 /* PopoverViewController.swift */; };
		68D20CB61A1D6007008DC204 /* AppDelegate.swift in Sources */ = {isa = PBXBuildFile; fileRef = 68D20CB51A1D6007008DC204 /* AppDelegate.swift */; };
		68D20CB81A1D6007008DC204 /* ViewController.swift in Sources */ = {isa = PBXBuildFile; fileRef = 68D20CB71A1D6007008DC204 /* ViewController.swift */; };
		68D20CBB1A1D6007008DC204 /* Main.storyboard in Resources */ = {isa = PBXBuildFile; fileRef = 68D20CB91A1D6007008DC204 /* Main.storyboard */; };
		68D20CBD1A1D6007008DC204 /* Images.xcassets in Resources */ = {isa = PBXBuildFile; fileRef = 68D20CBC1A1D6007008DC204 /* Images.xcassets */; };
		68D20CC01A1D6007008DC204 /* LaunchScreen.xib in Resources */ = {isa = PBXBuildFile; fileRef = 68D20CBE1A1D6007008DC204 /* LaunchScreen.xib */; };
		68D20CCC1A1D6007008DC204 /* PopoversTests.swift in Sources */ = {isa = PBXBuildFile; fileRef = 68D20CCB1A1D6007008DC204 /* PopoversTests.swift */; };
/* End PBXBuildFile section */

/* Begin PBXContainerItemProxy section */
		68D20CC61A1D6007008DC204 /* PBXContainerItemProxy */ = {
			isa = PBXContainerItemProxy;
			containerPortal = 68D20CA81A1D6007008DC204 /* Project object */;
			proxyType = 1;
			remoteGlobalIDString = 68D20CAF1A1D6007008DC204;
			remoteInfo = Popovers;
		};
/* End PBXContainerItemProxy section */

/* Begin PBXFileReference section */
		68AE11EB1A1D64C800538133 /* PopoverViewController.swift */ = {isa = PBXFileReference; fileEncoding = 4; lastKnownFileType = sourcecode.swift; path = PopoverViewController.swift; sourceTree = "<group>"; };
		68D20CB01A1D6007008DC204 /* Popovers.app */ = {isa = PBXFileReference; explicitFileType = wrapper.application; includeInIndex = 0; path = Popovers.app; sourceTree = BUILT_PRODUCTS_DIR; };
		68D20CB41A1D6007008DC204 /* Info.plist */ = {isa = PBXFileReference; lastKnownFileType = text.plist.xml; path = Info.plist; sourceTree = "<group>"; };
		68D20CB51A1D6007008DC204 /* AppDelegate.swift */ = {isa = PBXFileReference; lastKnownFileType = sourcecode.swift; path = AppDelegate.swift; sourceTree = "<group>"; };
		68D20CB71A1D6007008DC204 /* ViewController.swift */ = {isa = PBXFileReference; lastKnownFileType = sourcecode.swift; path = ViewController.swift; sourceTree = "<group>"; };
		68D20CBA1A1D6007008DC204 /* Base */ = {isa = PBXFileReference; lastKnownFileType = file.storyboard; name = Base; path = Base.lproj/Main.storyboard; sourceTree = "<group>"; };
		68D20CBC1A1D6007008DC204 /* Images.xcassets */ = {isa = PBXFileReference; lastKnownFileType = folder.assetcatalog; path = Images.xcassets; sourceTree = "<group>"; };
		68D20CBF1A1D6007008DC204 /* Base */ = {isa = PBXFileReference; lastKnownFileType = file.xib; name = Base; path = Base.lproj/LaunchScreen.xib; sourceTree = "<group>"; };
		68D20CC51A1D6007008DC204 /* PopoversTests.xctest */ = {isa = PBXFileReference; explicitFileType = wrapper.cfbundle; includeInIndex = 0; path = PopoversTests.xctest; sourceTree = BUILT_PRODUCTS_DIR; };
		68D20CCA1A1D6007008DC204 /* Info.plist */ = {isa = PBXFileReference; lastKnownFileType = text.plist.xml; path = Info.plist; sourceTree = "<group>"; };
		68D20CCB1A1D6007008DC204 /* PopoversTests.swift */ = {isa = PBXFileReference; lastKnownFileType = sourcecode.swift; path = PopoversTests.swift; sourceTree = "<group>"; };
/* End PBXFileReference section */

/* Begin PBXFrameworksBuildPhase section */
		68D20CAD1A1D6007008DC204 /* Frameworks */ = {
			isa = PBXFrameworksBuildPhase;
			buildActionMask = 2147483647;
			files = (
			);
			runOnlyForDeploymentPostprocessing = 0;
		};
		68D20CC21A1D6007008DC204 /* Frameworks */ = {
			isa = PBXFrameworksBuildPhase;
			buildActionMask = 2147483647;
			files = (
			);
			runOnlyForDeploymentPostprocessing = 0;
		};
/* End PBXFrameworksBuildPhase section */

/* Begin PBXGroup section */
		68D20CA71A1D6007008DC204 = {
			isa = PBXGroup;
			children = (
				68D20CB21A1D6007008DC204 /* Popovers */,
				68D20CC81A1D6007008DC204 /* PopoversTests */,
				68D20CB11A1D6007008DC204 /* Products */,
			);
			sourceTree = "<group>";
		};
		68D20CB11A1D6007008DC204 /* Products */ = {
			isa = PBXGroup;
			children = (
				68D20CB01A1D6007008DC204 /* Popovers.app */,
				68D20CC51A1D6007008DC204 /* PopoversTests.xctest */,
			);
			name = Products;
			sourceTree = "<group>";
		};
		68D20CB21A1D6007008DC204 /* Popovers */ = {
			isa = PBXGroup;
			children = (
				68D20CB51A1D6007008DC204 /* AppDelegate.swift */,
				68D20CB71A1D6007008DC204 /* ViewController.swift */,
				68AE11EB1A1D64C800538133 /* PopoverViewController.swift */,
				68D20CB91A1D6007008DC204 /* Main.storyboard */,
				68D20CBC1A1D6007008DC204 /* Images.xcassets */,
				68D20CBE1A1D6007008DC204 /* LaunchScreen.xib */,
				68D20CB31A1D6007008DC204 /* Supporting Files */,
			);
			path = Popovers;
			sourceTree = "<group>";
		};
		68D20CB31A1D6007008DC204 /* Supporting Files */ = {
			isa = PBXGroup;
			children = (
				68D20CB41A1D6007008DC204 /* Info.plist */,
			);
			name = "Supporting Files";
			sourceTree = "<group>";
		};
		68D20CC81A1D6007008DC204 /* PopoversTests */ = {
			isa = PBXGroup;
			children = (
				68D20CCB1A1D6007008DC204 /* PopoversTests.swift */,
				68D20CC91A1D6007008DC204 /* Supporting Files */,
			);
			path = PopoversTests;
			sourceTree = "<group>";
		};
		68D20CC91A1D6007008DC204 /* Supporting Files */ = {
			isa = PBXGroup;
			children = (
				68D20CCA1A1D6007008DC204 /* Info.plist */,
			);
			name = "Supporting Files";
			sourceTree = "<group>";
		};
/* End PBXGroup section */

/* Begin PBXNativeTarget section */
		68D20CAF1A1D6007008DC204 /* Popovers */ = {
			isa = PBXNativeTarget;
			buildConfigurationList = 68D20CCF1A1D6007008DC204 /* Build configuration list for PBXNativeTarget "Popovers" */;
			buildPhases = (
				68D20CAC1A1D6007008DC204 /* Sources */,
				68D20CAD1A1D6007008DC204 /* Frameworks */,
				68D20CAE1A1D6007008DC204 /* Resources */,
			);
			buildRules = (
			);
			dependencies = (
			);
			name = Popovers;
			productName = Popovers;
			productReference = 68D20CB01A1D6007008DC204 /* Popovers.app */;
			productType = "com.apple.product-type.application";
		};
		68D20CC41A1D6007008DC204 /* PopoversTests */ = {
			isa = PBXNativeTarget;
			buildConfigurationList = 68D20CD21A1D6007008DC204 /* Build configuration list for PBXNativeTarget "PopoversTests" */;
			buildPhases = (
				68D20CC11A1D6007008DC204 /* Sources */,
				68D20CC21A1D6007008DC204 /* Frameworks */,
				68D20CC31A1D6007008DC204 /* Resources */,
			);
			buildRules = (
			);
			dependencies = (
				68D20CC71A1D6007008DC204 /* PBXTargetDependency */,
			);
			name = PopoversTests;
			productName = PopoversTests;
			productReference = 68D20CC51A1D6007008DC204 /* PopoversTests.xctest */;
			productType = "com.apple.product-type.bundle.unit-test";
		};
/* End PBXNativeTarget section */

/* Begin PBXProject section */
		68D20CA81A1D6007008DC204 /* Project object */ = {
			isa = PBXProject;
			attributes = {
				LastUpgradeCheck = 0610;
				ORGANIZATIONNAME = "Secret Lab";
				TargetAttributes = {
					68D20CAF1A1D6007008DC204 = {
						CreatedOnToolsVersion = 6.1;
					};
					68D20CC41A1D6007008DC204 = {
						CreatedOnToolsVersion = 6.1;
						TestTargetID = 68D20CAF1A1D6007008DC204;
					};
				};
			};
			buildConfigurationList = 68D20CAB1A1D6007008DC204 /* Build configuration list for PBXProject "Popovers" */;
			compatibilityVersion = "Xcode 3.2";
			developmentRegion = English;
			hasScannedForEncodings = 0;
			knownRegions = (
				en,
				Base,
			);
			mainGroup = 68D20CA71A1D6007008DC204;
			productRefGroup = 68D20CB11A1D6007008DC204 /* Products */;
			projectDirPath = "";
			projectRoot = "";
			targets = (
				68D20CAF1A1D6007008DC204 /* Popovers */,
				68D20CC41A1D6007008DC204 /* PopoversTests */,
			);
		};
/* End PBXProject section */

/* Begin PBXResourcesBuildPhase section */
		68D20CAE1A1D6007008DC204 /* Resources */ = {
			isa = PBXResourcesBuildPhase;
			buildActionMask = 2147483647;
			files = (
				68D20CBB1A1D6007008DC204 /* Main.storyboard in Resources */,
				68D20CC01A1D6007008DC204 /* LaunchScreen.xib in Resources */,
				68D20CBD1A1D6007008DC204 /* Images.xcassets in Resources */,
			);
			runOnlyForDeploymentPostprocessing = 0;
		};
		68D20CC31A1D6007008DC204 /* Resources */ = {
			isa = PBXResourcesBuildPhase;
			buildActionMask = 2147483647;
			files = (
			);
			runOnlyForDeploymentPostprocessing = 0;
		};
/* End PBXResourcesBuildPhase section */

/* Begin PBXSourcesBuildPhase section */
		68D20CAC1A1D6007008DC204 /* Sources */ = {
			isa = PBXSourcesBuildPhase;
			buildActionMask = 2147483647;
			files = (
				68D20CB81A1D6007008DC204 /* ViewController.swift in Sources */,
				68AE11EC1A1D64C800538133 /* PopoverViewController.swift in Sources */,
				68D20CB61A1D6007008DC204 /* AppDelegate.swift in Sources */,
			);
			runOnlyForDeploymentPostprocessing = 0;
		};
		68D20CC11A1D6007008DC204 /* Sources */ = {
			isa = PBXSourcesBuildPhase;
			buildActionMask = 2147483647;
			files = (
				68D20CCC1A1D6007008DC204 /* PopoversTests.swift in Sources */,
			);
			runOnlyForDeploymentPostprocessing = 0;
		};
/* End PBXSourcesBuildPhase section */

/* Begin PBXTargetDependency section */
		68D20CC71A1D6007008DC204 /* PBXTargetDependency */ = {
			isa = PBXTargetDependency;
			target = 68D20CAF1A1D6007008DC204 /* Popovers */;
			targetProxy = 68D20CC61A1D6007008DC204 /* PBXContainerItemProxy */;
		};
/* End PBXTargetDependency section */

/* Begin PBXVariantGroup section */
		68D20CB91A1D6007008DC204 /* Main.storyboard */ = {
			isa = PBXVariantGroup;
			children = (
				68D20CBA1A1D6007008DC204 /* Base */,
			);
			name = Main.storyboard;
			sourceTree = "<group>";
		};
		68D20CBE1A1D6007008DC204 /* LaunchScreen.xib */ = {
			isa = PBXVariantGroup;
			children = (
				68D20CBF1A1D6007008DC204 /* Base */,
			);
			name = LaunchScreen.xib;
			sourceTree = "<group>";
		};
/* End PBXVariantGroup section */

/* Begin XCBuildConfiguration section */
		68D20CCD1A1D6007008DC204 /* Debug */ = {
			isa = XCBuildConfiguration;
			buildSettings = {
				ALWAYS_SEARCH_USER_PATHS = NO;
				CLANG_CXX_LANGUAGE_STANDARD = "gnu++0x";
				CLANG_CXX_LIBRARY = "libc++";
				CLANG_ENABLE_MODULES = YES;
				CLANG_ENABLE_OBJC_ARC = YES;
				CLANG_WARN_BOOL_CONVERSION = YES;
				CLANG_WARN_CONSTANT_CONVERSION = YES;
				CLANG_WARN_DIRECT_OBJC_ISA_USAGE = YES_ERROR;
				CLANG_WARN_EMPTY_BODY = YES;
				CLANG_WARN_ENUM_CONVERSION = YES;
				CLANG_WARN_INT_CONVERSION = YES;
				CLANG_WARN_OBJC_ROOT_CLASS = YES_ERROR;
				CLANG_WARN_UNREACHABLE_CODE = YES;
				CLANG_WARN__DUPLICATE_METHOD_MATCH = YES;
				"CODE_SIGN_IDENTITY[sdk=iphoneos*]" = "iPhone Developer";
				COPY_PHASE_STRIP = NO;
				ENABLE_STRICT_OBJC_MSGSEND = YES;
				GCC_C_LANGUAGE_STANDARD = gnu99;
				GCC_DYNAMIC_NO_PIC = NO;
				GCC_OPTIMIZATION_LEVEL = 0;
				GCC_PREPROCESSOR_DEFINITIONS = (
					"DEBUG=1",
					"$(inherited)",
				);
				GCC_SYMBOLS_PRIVATE_EXTERN = NO;
				GCC_WARN_64_TO_32_BIT_CONVERSION = YES;
				GCC_WARN_ABOUT_RETURN_TYPE = YES_ERROR;
				GCC_WARN_UNDECLARED_SELECTOR = YES;
				GCC_WARN_UNINITIALIZED_AUTOS = YES_AGGRESSIVE;
				GCC_WARN_UNUSED_FUNCTION = YES;
				GCC_WARN_UNUSED_VARIABLE = YES;
				IPHONEOS_DEPLOYMENT_TARGET = 8.1;
				MTL_ENABLE_DEBUG_INFO = YES;
				ONLY_ACTIVE_ARCH = YES;
				SDKROOT = iphoneos;
				SWIFT_OPTIMIZATION_LEVEL = "-Onone";
				TARGETED_DEVICE_FAMILY = "1,2";
			};
			name = Debug;
		};
		68D20CCE1A1D6007008DC204 /* Release */ = {
			isa = XCBuildConfiguration;
			buildSettings = {
				ALWAYS_SEARCH_USER_PATHS = NO;
				CLANG_CXX_LANGUAGE_STANDARD = "gnu++0x";
				CLANG_CXX_LIBRARY = "libc++";
				CLANG_ENABLE_MODULES = YES;
				CLANG_ENABLE_OBJC_ARC = YES;
				CLANG_WARN_BOOL_CONVERSION = YES;
				CLANG_WARN_CONSTANT_CONVERSION = YES;
				CLANG_WARN_DIRECT_OBJC_ISA_USAGE = YES_ERROR;
				CLANG_WARN_EMPTY_BODY = YES;
				CLANG_WARN_ENUM_CONVERSION = YES;
				CLANG_WARN_INT_CONVERSION = YES;
				CLANG_WARN_OBJC_ROOT_CLASS = YES_ERROR;
				CLANG_WARN_UNREACHABLE_CODE = YES;
				CLANG_WARN__DUPLICATE_METHOD_MATCH = YES;
				"CODE_SIGN_IDENTITY[sdk=iphoneos*]" = "iPhone Developer";
				COPY_PHASE_STRIP = YES;
				ENABLE_NS_ASSERTIONS = NO;
				ENABLE_STRICT_OBJC_MSGSEND = YES;
				GCC_C_LANGUAGE_STANDARD = gnu99;
				GCC_WARN_64_TO_32_BIT_CONVERSION = YES;
				GCC_WARN_ABOUT_RETURN_TYPE = YES_ERROR;
				GCC_WARN_UNDECLARED_SELECTOR = YES;
				GCC_WARN_UNINITIALIZED_AUTOS = YES_AGGRESSIVE;
				GCC_WARN_UNUSED_FUNCTION = YES;
				GCC_WARN_UNUSED_VARIABLE = YES;
				IPHONEOS_DEPLOYMENT_TARGET = 8.1;
				MTL_ENABLE_DEBUG_INFO = NO;
				SDKROOT = iphoneos;
				TARGETED_DEVICE_FAMILY = "1,2";
				VALIDATE_PRODUCT = YES;
			};
			name = Release;
		};
		68D20CD01A1D6007008DC204 /* Debug */ = {
			isa = XCBuildConfiguration;
			buildSettings = {
				ASSETCATALOG_COMPILER_APPICON_NAME = AppIcon;
				INFOPLIST_FILE = Popovers/Info.plist;
				LD_RUNPATH_SEARCH_PATHS = "$(inherited) @executable_path/Frameworks";
				PRODUCT_NAME = "$(TARGET_NAME)";
			};
			name = Debug;
		};
		68D20CD11A1D6007008DC204 /* Release */ = {
			isa = XCBuildConfiguration;
			buildSettings = {
				ASSETCATALOG_COMPILER_APPICON_NAME = AppIcon;
				INFOPLIST_FILE = Popovers/Info.plist;
				LD_RUNPATH_SEARCH_PATHS = "$(inherited) @executable_path/Frameworks";
				PRODUCT_NAME = "$(TARGET_NAME)";
			};
			name = Release;
		};
		68D20CD31A1D6007008DC204 /* Debug */ = {
			isa = XCBuildConfiguration;
			buildSettings = {
				BUNDLE_LOADER = "$(TEST_HOST)";
				FRAMEWORK_SEARCH_PATHS = (
					"$(SDKROOT)/Developer/Library/Frameworks",
					"$(inherited)",
				);
				GCC_PREPROCESSOR_DEFINITIONS = (
					"DEBUG=1",
					"$(inherited)",
				);
				INFOPLIST_FILE = PopoversTests/Info.plist;
				LD_RUNPATH_SEARCH_PATHS = "$(inherited) @executable_path/Frameworks @loader_path/Frameworks";
				PRODUCT_NAME = "$(TARGET_NAME)";
				TEST_HOST = "$(BUILT_PRODUCTS_DIR)/Popovers.app/Popovers";
			};
			name = Debug;
		};
		68D20CD41A1D6007008DC204 /* Release */ = {
			isa = XCBuildConfiguration;
			buildSettings = {
				BUNDLE_LOADER = "$(TEST_HOST)";
				FRAMEWORK_SEARCH_PATHS = (
					"$(SDKROOT)/Developer/Library/Frameworks",
					"$(inherited)",
				);
				INFOPLIST_FILE = PopoversTests/Info.plist;
				LD_RUNPATH_SEARCH_PATHS = "$(inherited) @executable_path/Frameworks @loader_path/Frameworks";
				PRODUCT_NAME = "$(TARGET_NAME)";
				TEST_HOST = "$(BUILT_PRODUCTS_DIR)/Popovers.app/Popovers";
			};
			name = Release;
		};
/* End XCBuildConfiguration section */

/* Begin XCConfigurationList section */
		68D20CAB1A1D6007008DC204 /* Build configuration list for PBXProject "Popovers" */ = {
			isa = XCConfigurationList;
			buildConfigurations = (
				68D20CCD1A1D6007008DC204 /* Debug */,
				68D20CCE1A1D6007008DC204 /* Release */,
			);
			defaultConfigurationIsVisible = 0;
			defaultConfigurationName = Release;
		};
		68D20CCF1A1D6007008DC204 /* Build configuration list for PBXNativeTarget "Popovers" */ = {
			isa = XCConfigurationList;
			buildConfigurations = (
				68D20CD01A1D6007008DC204 /* Debug */,
				68D20CD11A1D6007008DC204 /* Release */,
			);
			defaultConfigurationIsVisible = 0;
			defaultConfigurationName = Release;
		};
		68D20CD21A1D6007008DC204 /* Build configuration list for PBXNativeTarget "PopoversTests" */ = {
			isa = XCConfigurationList;
			buildConfigurations = (
				68D20CD31A1D6007008DC204 /* Debug */,
				68D20CD41A1D6007008DC204 /* Release */,
			);
			defaultConfigurationIsVisible = 0;
			defaultConfigurationName = Release;
		};
/* End XCConfigurationList section */
	};
	rootObject = 68D20CA81A1D6007008DC204 /* Project object */;
}
